PODS:
  - PhotoSlider (0.1.1):
    - SDWebImage
  - SDWebImage (3.7.2):
    - SDWebImage/Core (= 3.7.2)
  - SDWebImage/Core (3.7.2)

DEPENDENCIES:
  - PhotoSlider (from `../`)
  - SDWebImage

EXTERNAL SOURCES:
  PhotoSlider:
    :path: "../"

SPEC CHECKSUMS:
  PhotoSlider: 86567d75a8917a0e7f5acbd7edab3634db1c1916
  SDWebImage: 71b7cdc1d1721d6a82ed62889030225f2c249e29

COCOAPODS: 0.36.4
