{
  "object": {
    "pins": [
      {
        "package": "Kingfisher",
        "repositoryURL": "git@github.com:onevcat/Kingfisher.git",
        "state": {
          "branch": null,
          "revision": "d06df9adf50ed8cde5786d935836a5f445f780ba",
          "version": "6.3.1"
        }
      },
      {
        "package": "PhotoSlider",
        "repositoryURL": "git@github.com:nakajijapan/PhotoSlider.git",
        "state": {
          "branch": "master",
          "revision": "4e851c21caf9d0775607a49ea1769fc46507c665",
          "version": null
        }
      }
    ]
  },
  "version": 1
}
