{
  "object": {
    "pins": [
      {
        "package": "Kingfisher",
        "repositoryURL": "git@github.com:onevcat/Kingfisher.git",
        "state": {
          "branch": null,
          "revision": "44450a8f564d7c0165f736ba2250649ff8d3e556",
          "version": "6.3.0"
        }
      },
      {
        "package": "PhotoSlider",
        "repositoryURL": "git@github.com:nakajijapan/PhotoSlider.git",
        "state": {
          "branch": "master",
          "revision": "d30606b0d0c91504e8f7f71970e24d8dd2e194e8",
          "version": null
        }
      }
    ]
  },
  "version": 1
}
