{
  "object": {
    "pins": [
      {
        "package": "Kingfisher",
        "repositoryURL": "git@github.com:onevcat/Kingfisher.git",
        "state": {
          "branch": null,
          "revision": "44450a8f564d7c0165f736ba2250649ff8d3e556",
          "version": "6.3.0"
        }
      },
      {
        "package": "PhotoSlider",
        "repositoryURL": "git@github.com:nakajijapan/PhotoSlider.git",
        "state": {
          "branch": "use-swift-package-in-demo-app",
          "revision": "1a99b9387b59a9218909aebd2803523aa7043b60",
          "version": null
        }
      }
    ]
  },
  "version": 1
}
