// !$*UTF8*$!
{
	archiveVersion = 1;
	classes = {
	};
	objectVersion = 56;
	objects = {

/* Begin PBXBuildFile section */
		A1000020000000000000001 /* PhotoSliderDemoApp.swift in Sources */ = {isa = PBXBuildFile; fileRef = A1000010000000000000001 /* PhotoSliderDemoApp.swift */; };
		A1000020000000000000002 /* ContentView.swift in Sources */ = {isa = PBXBuildFile; fileRef = A1000010000000000000002 /* ContentView.swift */; };
		A1000020000000000000003 /* DemoData.swift in Sources */ = {isa = PBXBuildFile; fileRef = A1000010000000000000003 /* DemoData.swift */; };
		A1000020000000000000004 /* ThumbnailGridView.swift in Sources */ = {isa = PBXBuildFile; fileRef = A1000010000000000000004 /* ThumbnailGridView.swift */; };
		A1000020000000000000005 /* LocalPhotosDemoView.swift in Sources */ = {isa = PBXBuildFile; fileRef = A1000010000000000000005 /* LocalPhotosDemoView.swift */; };
		A1000020000000000000006 /* RemotePhotosDemoView.swift in Sources */ = {isa = PBXBuildFile; fileRef = A1000010000000000000006 /* RemotePhotosDemoView.swift */; };
		A1000020000000000000007 /* KingfisherDemoView.swift in Sources */ = {isa = PBXBuildFile; fileRef = A1000010000000000000007 /* KingfisherDemoView.swift */; };
		A1000020000000000000008 /* CallbacksDemoView.swift in Sources */ = {isa = PBXBuildFile; fileRef = A1000010000000000000008 /* CallbacksDemoView.swift */; };
		A1000020000000000000009 /* Images.xcassets in Resources */ = {isa = PBXBuildFile; fileRef = A1000010000000000000009 /* Images.xcassets */; };
		A100002000000000000000A /* image001.jpg in Resources */ = {isa = PBXBuildFile; fileRef = A100001000000000000000A /* image001.jpg */; };
		A100002000000000000000B /* image002.jpg in Resources */ = {isa = PBXBuildFile; fileRef = A100001000000000000000B /* image002.jpg */; };
		A100002000000000000000C /* image003.jpg in Resources */ = {isa = PBXBuildFile; fileRef = A100001000000000000000C /* image003.jpg */; };
		A100002000000000000000D /* image004.jpg in Resources */ = {isa = PBXBuildFile; fileRef = A100001000000000000000D /* image004.jpg */; };
		A100002000000000000000E /* image005.jpg in Resources */ = {isa = PBXBuildFile; fileRef = A100001000000000000000E /* image005.jpg */; };
		A100002000000000000000F /* image006.jpg in Resources */ = {isa = PBXBuildFile; fileRef = A100001000000000000000F /* image006.jpg */; };
		A1000020000000000000010 /* image007.jpg in Resources */ = {isa = PBXBuildFile; fileRef = A1000010000000000000010 /* image007.jpg */; };
		A1000020000000000000011 /* image008.jpg in Resources */ = {isa = PBXBuildFile; fileRef = A1000010000000000000011 /* image008.jpg */; };
		A1000020000000000000012 /* PhotoSlider in Frameworks */ = {isa = PBXBuildFile; productRef = A1000050000000000000001 /* PhotoSlider */; };
		A1000020000000000000013 /* PhotoSliderKingfisher in Frameworks */ = {isa = PBXBuildFile; productRef = A1000050000000000000002 /* PhotoSliderKingfisher */; };
		A1000020000000000000014 /* Kingfisher in Frameworks */ = {isa = PBXBuildFile; productRef = A1000050000000000000003 /* Kingfisher */; };
		A1000020000000000000020 /* PhotoSliderDemoUITests.swift in Sources */ = {isa = PBXBuildFile; fileRef = A1000010000000000000020 /* PhotoSliderDemoUITests.swift */; };
/* End PBXBuildFile section */

/* Begin PBXContainerItemProxy section */
		A1000060000000000000001 /* PBXContainerItemProxy */ = {
			isa = PBXContainerItemProxy;
			containerPortal = A1000000000000000000001 /* Project object */;
			proxyType = 1;
			remoteGlobalIDString = A1000030000000000000001;
			remoteInfo = PhotoSliderDemo;
		};
/* End PBXContainerItemProxy section */

/* Begin PBXFileReference section */
		A1000010000000000000001 /* PhotoSliderDemoApp.swift */ = {isa = PBXFileReference; lastKnownFileType = sourcecode.swift; path = PhotoSliderDemoApp.swift; sourceTree = "<group>"; };
		A1000010000000000000002 /* ContentView.swift */ = {isa = PBXFileReference; lastKnownFileType = sourcecode.swift; path = ContentView.swift; sourceTree = "<group>"; };
		A1000010000000000000003 /* DemoData.swift */ = {isa = PBXFileReference; lastKnownFileType = sourcecode.swift; path = DemoData.swift; sourceTree = "<group>"; };
		A1000010000000000000004 /* ThumbnailGridView.swift */ = {isa = PBXFileReference; lastKnownFileType = sourcecode.swift; path = ThumbnailGridView.swift; sourceTree = "<group>"; };
		A1000010000000000000005 /* LocalPhotosDemoView.swift */ = {isa = PBXFileReference; lastKnownFileType = sourcecode.swift; path = LocalPhotosDemoView.swift; sourceTree = "<group>"; };
		A1000010000000000000006 /* RemotePhotosDemoView.swift */ = {isa = PBXFileReference; lastKnownFileType = sourcecode.swift; path = RemotePhotosDemoView.swift; sourceTree = "<group>"; };
		A1000010000000000000007 /* KingfisherDemoView.swift */ = {isa = PBXFileReference; lastKnownFileType = sourcecode.swift; path = KingfisherDemoView.swift; sourceTree = "<group>"; };
		A1000010000000000000008 /* CallbacksDemoView.swift */ = {isa = PBXFileReference; lastKnownFileType = sourcecode.swift; path = CallbacksDemoView.swift; sourceTree = "<group>"; };
		A1000010000000000000009 /* Images.xcassets */ = {isa = PBXFileReference; lastKnownFileType = folder.assetcatalog; path = Images.xcassets; sourceTree = "<group>"; };
		A100001000000000000000A /* image001.jpg */ = {isa = PBXFileReference; lastKnownFileType = image.jpeg; path = image001.jpg; sourceTree = "<group>"; };
		A100001000000000000000B /* image002.jpg */ = {isa = PBXFileReference; lastKnownFileType = image.jpeg; path = image002.jpg; sourceTree = "<group>"; };
		A100001000000000000000C /* image003.jpg */ = {isa = PBXFileReference; lastKnownFileType = image.jpeg; path = image003.jpg; sourceTree = "<group>"; };
		A100001000000000000000D /* image004.jpg */ = {isa = PBXFileReference; lastKnownFileType = image.jpeg; path = image004.jpg; sourceTree = "<group>"; };
		A100001000000000000000E /* image005.jpg */ = {isa = PBXFileReference; lastKnownFileType = image.jpeg; path = image005.jpg; sourceTree = "<group>"; };
		A100001000000000000000F /* image006.jpg */ = {isa = PBXFileReference; lastKnownFileType = image.jpeg; path = image006.jpg; sourceTree = "<group>"; };
		A1000010000000000000010 /* image007.jpg */ = {isa = PBXFileReference; lastKnownFileType = image.jpeg; path = image007.jpg; sourceTree = "<group>"; };
		A1000010000000000000011 /* image008.jpg */ = {isa = PBXFileReference; lastKnownFileType = image.jpeg; path = image008.jpg; sourceTree = "<group>"; };
		A1000010000000000000020 /* PhotoSliderDemoUITests.swift */ = {isa = PBXFileReference; lastKnownFileType = sourcecode.swift; path = PhotoSliderDemoUITests.swift; sourceTree = "<group>"; };
		A1000040000000000000001 /* PhotoSliderDemo.app */ = {isa = PBXFileReference; explicitFileType = wrapper.application; includeInIndex = 0; path = PhotoSliderDemo.app; sourceTree = BUILT_PRODUCTS_DIR; };
		A1000040000000000000002 /* PhotoSliderDemoUITests.xctest */ = {isa = PBXFileReference; explicitFileType = wrapper.cfbundle; includeInIndex = 0; path = PhotoSliderDemoUITests.xctest; sourceTree = BUILT_PRODUCTS_DIR; };
/* End PBXFileReference section */

/* Begin PBXFileSystemSynchronizedRootGroup section */
/* End PBXFileSystemSynchronizedRootGroup section */

/* Begin PBXFrameworksBuildPhase section */
		A1000070000000000000001 /* Frameworks */ = {
			isa = PBXFrameworksBuildPhase;
			buildActionMask = 2147483647;
			files = (
				A1000020000000000000012 /* PhotoSlider in Frameworks */,
				A1000020000000000000013 /* PhotoSliderKingfisher in Frameworks */,
				A1000020000000000000014 /* Kingfisher in Frameworks */,
			);
			runOnlyForDeploymentPostprocessing = 0;
		};
		A1000070000000000000002 /* Frameworks */ = {
			isa = PBXFrameworksBuildPhase;
			buildActionMask = 2147483647;
			files = (
			);
			runOnlyForDeploymentPostprocessing = 0;
		};
/* End PBXFrameworksBuildPhase section */

/* Begin PBXGroup section */
		A1000080000000000000000 /* Root */ = {
			isa = PBXGroup;
			children = (
				A1000080000000000000001 /* PhotoSliderDemo */,
				A1000080000000000000002 /* PhotoSliderDemoUITests */,
				A1000080000000000000003 /* Products */,
			);
			sourceTree = "<group>";
		};
		A1000080000000000000001 /* PhotoSliderDemo */ = {
			isa = PBXGroup;
			children = (
				A1000010000000000000001 /* PhotoSliderDemoApp.swift */,
				A1000010000000000000002 /* ContentView.swift */,
				A1000010000000000000003 /* DemoData.swift */,
				A1000010000000000000004 /* ThumbnailGridView.swift */,
				A1000010000000000000005 /* LocalPhotosDemoView.swift */,
				A1000010000000000000006 /* RemotePhotosDemoView.swift */,
				A1000010000000000000007 /* KingfisherDemoView.swift */,
				A1000010000000000000008 /* CallbacksDemoView.swift */,
				A1000010000000000000009 /* Images.xcassets */,
				A1000080000000000000004 /* Resources */,
			);
			path = PhotoSliderDemo;
			sourceTree = "<group>";
		};
		A1000080000000000000004 /* Resources */ = {
			isa = PBXGroup;
			children = (
				A100001000000000000000A /* image001.jpg */,
				A100001000000000000000B /* image002.jpg */,
				A100001000000000000000C /* image003.jpg */,
				A100001000000000000000D /* image004.jpg */,
				A100001000000000000000E /* image005.jpg */,
				A100001000000000000000F /* image006.jpg */,
				A1000010000000000000010 /* image007.jpg */,
				A1000010000000000000011 /* image008.jpg */,
			);
			path = Resources;
			sourceTree = "<group>";
		};
		A1000080000000000000002 /* PhotoSliderDemoUITests */ = {
			isa = PBXGroup;
			children = (
				A1000010000000000000020 /* PhotoSliderDemoUITests.swift */,
			);
			path = PhotoSliderDemoUITests;
			sourceTree = "<group>";
		};
		A1000080000000000000003 /* Products */ = {
			isa = PBXGroup;
			children = (
				A1000040000000000000001 /* PhotoSliderDemo.app */,
				A1000040000000000000002 /* PhotoSliderDemoUITests.xctest */,
			);
			name = Products;
			sourceTree = "<group>";
		};
/* End PBXGroup section */

/* Begin PBXNativeTarget section */
		A1000030000000000000001 /* PhotoSliderDemo */ = {
			isa = PBXNativeTarget;
			buildConfigurationList = A1000090000000000000001 /* Build configuration list for PBXNativeTarget "PhotoSliderDemo" */;
			buildPhases = (
				A1000031000000000000001 /* Sources */,
				A1000070000000000000001 /* Frameworks */,
				A1000032000000000000001 /* Resources */,
			);
			buildRules = (
			);
			dependencies = (
			);
			name = PhotoSliderDemo;
			packageProductDependencies = (
				A1000050000000000000001 /* PhotoSlider */,
				A1000050000000000000002 /* PhotoSliderKingfisher */,
				A1000050000000000000003 /* Kingfisher */,
			);
			productName = PhotoSliderDemo;
			productReference = A1000040000000000000001 /* PhotoSliderDemo.app */;
			productType = "com.apple.product-type.application";
		};
		A1000030000000000000002 /* PhotoSliderDemoUITests */ = {
			isa = PBXNativeTarget;
			buildConfigurationList = A1000090000000000000002 /* Build configuration list for PBXNativeTarget "PhotoSliderDemoUITests" */;
			buildPhases = (
				A1000031000000000000002 /* Sources */,
				A1000070000000000000002 /* Frameworks */,
			);
			buildRules = (
			);
			dependencies = (
				A1000061000000000000001 /* PBXTargetDependency */,
			);
			name = PhotoSliderDemoUITests;
			productName = PhotoSliderDemoUITests;
			productReference = A1000040000000000000002 /* PhotoSliderDemoUITests.xctest */;
			productType = "com.apple.product-type.bundle.ui-testing";
		};
/* End PBXNativeTarget section */

/* Begin PBXProject section */
		A1000000000000000000001 /* Project object */ = {
			isa = PBXProject;
			attributes = {
				BuildIndependentTargetsInParallel = 1;
				LastSwiftUpdateCheck = 1600;
				LastUpgradeCheck = 1600;
				ORGANIZATIONNAME = net.nakajijapan;
				TargetAttributes = {
					A1000030000000000000001 = {
						CreatedOnToolsVersion = 16.0;
					};
					A1000030000000000000002 = {
						CreatedOnToolsVersion = 16.0;
						TestTargetID = A1000030000000000000001;
					};
				};
			};
			buildConfigurationList = A1000091000000000000001 /* Build configuration list for PBXProject "PhotoSliderDemo" */;
			compatibilityVersion = "Xcode 14.0";
			developmentRegion = en;
			hasScannedForEncodings = 0;
			knownRegions = (
				en,
				Base,
			);
			mainGroup = A1000080000000000000000 /* Root */;
			packageReferences = (
				A1000051000000000000001 /* XCLocalSwiftPackageReference "." */,
			);
			productRefGroup = A1000080000000000000003 /* Products */;
			projectDirPath = "";
			projectRoot = "";
			targets = (
				A1000030000000000000001 /* PhotoSliderDemo */,
				A1000030000000000000002 /* PhotoSliderDemoUITests */,
			);
		};
/* End PBXProject section */

/* Begin PBXResourcesBuildPhase section */
		A1000032000000000000001 /* Resources */ = {
			isa = PBXResourcesBuildPhase;
			buildActionMask = 2147483647;
			files = (
				A1000020000000000000009 /* Images.xcassets in Resources */,
				A100002000000000000000A /* image001.jpg in Resources */,
				A100002000000000000000B /* image002.jpg in Resources */,
				A100002000000000000000C /* image003.jpg in Resources */,
				A100002000000000000000D /* image004.jpg in Resources */,
				A100002000000000000000E /* image005.jpg in Resources */,
				A100002000000000000000F /* image006.jpg in Resources */,
				A1000020000000000000010 /* image007.jpg in Resources */,
				A1000020000000000000011 /* image008.jpg in Resources */,
			);
			runOnlyForDeploymentPostprocessing = 0;
		};
/* End PBXResourcesBuildPhase section */

/* Begin PBXSourcesBuildPhase section */
		A1000031000000000000001 /* Sources */ = {
			isa = PBXSourcesBuildPhase;
			buildActionMask = 2147483647;
			files = (
				A1000020000000000000001 /* PhotoSliderDemoApp.swift in Sources */,
				A1000020000000000000002 /* ContentView.swift in Sources */,
				A1000020000000000000003 /* DemoData.swift in Sources */,
				A1000020000000000000004 /* ThumbnailGridView.swift in Sources */,
				A1000020000000000000005 /* LocalPhotosDemoView.swift in Sources */,
				A1000020000000000000006 /* RemotePhotosDemoView.swift in Sources */,
				A1000020000000000000007 /* KingfisherDemoView.swift in Sources */,
				A1000020000000000000008 /* CallbacksDemoView.swift in Sources */,
			);
			runOnlyForDeploymentPostprocessing = 0;
		};
		A1000031000000000000002 /* Sources */ = {
			isa = PBXSourcesBuildPhase;
			buildActionMask = 2147483647;
			files = (
				A1000020000000000000020 /* PhotoSliderDemoUITests.swift in Sources */,
			);
			runOnlyForDeploymentPostprocessing = 0;
		};
/* End PBXSourcesBuildPhase section */

/* Begin PBXTargetDependency section */
		A1000061000000000000001 /* PBXTargetDependency */ = {
			isa = PBXTargetDependency;
			target = A1000030000000000000001 /* PhotoSliderDemo */;
			targetProxy = A1000060000000000000001 /* PBXContainerItemProxy */;
		};
/* End PBXTargetDependency section */

/* Begin XCBuildConfiguration section */
		A1000092000000000000001 /* Debug */ = {
			isa = XCBuildConfiguration;
			buildSettings = {
				ALWAYS_SEARCH_USER_PATHS = NO;
				CLANG_ANALYZER_NONNULL = YES;
				CLANG_ANALYZER_NUMBER_OBJECT_CONVERSION = YES_AGGRESSIVE;
				CLANG_ENABLE_MODULES = YES;
				CLANG_ENABLE_OBJC_ARC = YES;
				CLANG_ENABLE_OBJC_WEAK = YES;
				CLANG_WARN_BOOL_CONVERSION = YES;
				CLANG_WARN_CONSTANT_CONVERSION = YES;
				CLANG_WARN_DEPRECATED_OBJC_IMPLEMENTATIONS = YES;
				CLANG_WARN_DIRECT_OBJC_ISA_USAGE = YES_ERROR;
				CLANG_WARN_DOCUMENTATION_COMMENTS = YES;
				CLANG_WARN_EMPTY_BODY = YES;
				CLANG_WARN_ENUM_CONVERSION = YES;
				CLANG_WARN_INFINITE_RECURSION = YES;
				CLANG_WARN_INT_CONVERSION = YES;
				CLANG_WARN_OBJC_ROOT_CLASS = YES_ERROR;
				CLANG_WARN_QUOTED_INCLUDE_IN_FRAMEWORK_HEADER = YES;
				CLANG_WARN_UNGUARDED_AVAILABILITY = YES_AGGRESSIVE;
				COPY_PHASE_STRIP = NO;
				DEBUG_INFORMATION_FORMAT = dwarf;
				ENABLE_STRICT_OBJC_MSGSEND = YES;
				ENABLE_TESTABILITY = YES;
				GCC_C_LANGUAGE_STANDARD = gnu17;
				GCC_DYNAMIC_NO_PIC = NO;
				GCC_NO_COMMON_BLOCKS = YES;
				GCC_OPTIMIZATION_LEVEL = 0;
				GCC_PREPROCESSOR_DEFINITIONS = (
					"DEBUG=1",
					"$(inherited)",
				);
				GCC_WARN_64_TO_32_BIT_CONVERSION = YES;
				GCC_WARN_ABOUT_RETURN_TYPE = YES_ERROR;
				GCC_WARN_UNDECLARED_SELECTOR = YES;
				GCC_WARN_UNINITIALIZED_AUTOS = YES_AGGRESSIVE;
				GCC_WARN_UNUSED_FUNCTION = YES;
				GCC_WARN_UNUSED_VARIABLE = YES;
				IPHONEOS_DEPLOYMENT_TARGET = 18.0;
				MTL_ENABLE_DEBUG_INFO = INCLUDE_SOURCE;
				MTL_FAST_MATH = YES;
				ONLY_ACTIVE_ARCH = YES;
				SDKROOT = iphoneos;
				SWIFT_ACTIVE_COMPILATION_CONDITIONS = DEBUG;
				SWIFT_OPTIMIZATION_LEVEL = "-Onone";
				SWIFT_STRICT_CONCURRENCY = complete;
				SWIFT_VERSION = 6.0;
			};
			name = Debug;
		};
		A1000092000000000000002 /* Release */ = {
			isa = XCBuildConfiguration;
			buildSettings = {
				ALWAYS_SEARCH_USER_PATHS = NO;
				CLANG_ANALYZER_NONNULL = YES;
				CLANG_ANALYZER_NUMBER_OBJECT_CONVERSION = YES_AGGRESSIVE;
				CLANG_ENABLE_MODULES = YES;
				CLANG_ENABLE_OBJC_ARC = YES;
				CLANG_ENABLE_OBJC_WEAK = YES;
				CLANG_WARN_BOOL_CONVERSION = YES;
				CLANG_WARN_CONSTANT_CONVERSION = YES;
				CLANG_WARN_DEPRECATED_OBJC_IMPLEMENTATIONS = YES;
				CLANG_WARN_DIRECT_OBJC_ISA_USAGE = YES_ERROR;
				CLANG_WARN_DOCUMENTATION_COMMENTS = YES;
				CLANG_WARN_EMPTY_BODY = YES;
				CLANG_WARN_ENUM_CONVERSION = YES;
				CLANG_WARN_INFINITE_RECURSION = YES;
				CLANG_WARN_INT_CONVERSION = YES;
				CLANG_WARN_OBJC_ROOT_CLASS = YES_ERROR;
				CLANG_WARN_QUOTED_INCLUDE_IN_FRAMEWORK_HEADER = YES;
				CLANG_WARN_UNGUARDED_AVAILABILITY = YES_AGGRESSIVE;
				COPY_PHASE_STRIP = NO;
				DEBUG_INFORMATION_FORMAT = "dwarf-with-dsym";
				ENABLE_NS_ASSERTIONS = NO;
				ENABLE_STRICT_OBJC_MSGSEND = YES;
				GCC_C_LANGUAGE_STANDARD = gnu17;
				GCC_NO_COMMON_BLOCKS = YES;
				GCC_WARN_64_TO_32_BIT_CONVERSION = YES;
				GCC_WARN_ABOUT_RETURN_TYPE = YES_ERROR;
				GCC_WARN_UNDECLARED_SELECTOR = YES;
				GCC_WARN_UNINITIALIZED_AUTOS = YES_AGGRESSIVE;
				GCC_WARN_UNUSED_FUNCTION = YES;
				GCC_WARN_UNUSED_VARIABLE = YES;
				IPHONEOS_DEPLOYMENT_TARGET = 18.0;
				MTL_ENABLE_DEBUG_INFO = NO;
				MTL_FAST_MATH = YES;
				SDKROOT = iphoneos;
				SWIFT_COMPILATION_MODE = wholemodule;
				SWIFT_STRICT_CONCURRENCY = complete;
				SWIFT_VERSION = 6.0;
				VALIDATE_PRODUCT = YES;
			};
			name = Release;
		};
		A1000093000000000000001 /* Debug */ = {
			isa = XCBuildConfiguration;
			buildSettings = {
				ASSETCATALOG_COMPILER_APPICON_NAME = AppIcon;
				CODE_SIGN_STYLE = Automatic;
				CURRENT_PROJECT_VERSION = 1;
				DEVELOPMENT_TEAM = CNE5C4C374;
				ENABLE_PREVIEWS = YES;
				GENERATE_INFOPLIST_FILE = YES;
				INFOPLIST_KEY_UIApplicationSceneManifest_Generation = YES;
				INFOPLIST_KEY_UIApplicationSupportsIndirectInputEvents = YES;
				INFOPLIST_KEY_UILaunchScreen_Generation = YES;
				INFOPLIST_KEY_UIStatusBarHidden = YES;
				INFOPLIST_KEY_UISupportedInterfaceOrientations_iPad = "UIInterfaceOrientationPortrait UIInterfaceOrientationPortraitUpsideDown UIInterfaceOrientationLandscapeLeft UIInterfaceOrientationLandscapeRight";
				INFOPLIST_KEY_UISupportedInterfaceOrientations_iPhone = "UIInterfaceOrientationPortrait UIInterfaceOrientationLandscapeLeft UIInterfaceOrientationLandscapeRight";
				LD_RUNPATH_SEARCH_PATHS = (
					"$(inherited)",
					"@executable_path/Frameworks",
				);
				MARKETING_VERSION = 2.0.0;
				PRODUCT_BUNDLE_IDENTIFIER = net.nakajijapan.PhotoSliderDemo;
				PRODUCT_NAME = "$(TARGET_NAME)";
				SWIFT_EMIT_LOC_STRINGS = YES;
				TARGETED_DEVICE_FAMILY = "1,2";
			};
			name = Debug;
		};
		A1000093000000000000002 /* Release */ = {
			isa = XCBuildConfiguration;
			buildSettings = {
				ASSETCATALOG_COMPILER_APPICON_NAME = AppIcon;
				CODE_SIGN_STYLE = Automatic;
				CURRENT_PROJECT_VERSION = 1;
				DEVELOPMENT_TEAM = CNE5C4C374;
				ENABLE_PREVIEWS = YES;
				GENERATE_INFOPLIST_FILE = YES;
				INFOPLIST_KEY_UIApplicationSceneManifest_Generation = YES;
				INFOPLIST_KEY_UIApplicationSupportsIndirectInputEvents = YES;
				INFOPLIST_KEY_UILaunchScreen_Generation = YES;
				INFOPLIST_KEY_UIStatusBarHidden = YES;
				INFOPLIST_KEY_UISupportedInterfaceOrientations_iPad = "UIInterfaceOrientationPortrait UIInterfaceOrientationPortraitUpsideDown UIInterfaceOrientationLandscapeLeft UIInterfaceOrientationLandscapeRight";
				INFOPLIST_KEY_UISupportedInterfaceOrientations_iPhone = "UIInterfaceOrientationPortrait UIInterfaceOrientationLandscapeLeft UIInterfaceOrientationLandscapeRight";
				LD_RUNPATH_SEARCH_PATHS = (
					"$(inherited)",
					"@executable_path/Frameworks",
				);
				MARKETING_VERSION = 2.0.0;
				PRODUCT_BUNDLE_IDENTIFIER = net.nakajijapan.PhotoSliderDemo;
				PRODUCT_NAME = "$(TARGET_NAME)";
				SWIFT_EMIT_LOC_STRINGS = YES;
				TARGETED_DEVICE_FAMILY = "1,2";
			};
			name = Release;
		};
		A1000094000000000000001 /* Debug */ = {
			isa = XCBuildConfiguration;
			buildSettings = {
				CODE_SIGN_STYLE = Automatic;
				CURRENT_PROJECT_VERSION = 1;
				DEVELOPMENT_TEAM = CNE5C4C374;
				GENERATE_INFOPLIST_FILE = YES;
				MARKETING_VERSION = 2.0.0;
				PRODUCT_BUNDLE_IDENTIFIER = net.nakajijapan.PhotoSliderDemoUITests;
				PRODUCT_NAME = "$(TARGET_NAME)";
				SWIFT_EMIT_LOC_STRINGS = NO;
				SWIFT_VERSION = 6.0;
				TARGETED_DEVICE_FAMILY = "1,2";
				TEST_TARGET_NAME = PhotoSliderDemo;
			};
			name = Debug;
		};
		A1000094000000000000002 /* Release */ = {
			isa = XCBuildConfiguration;
			buildSettings = {
				CODE_SIGN_STYLE = Automatic;
				CURRENT_PROJECT_VERSION = 1;
				DEVELOPMENT_TEAM = CNE5C4C374;
				GENERATE_INFOPLIST_FILE = YES;
				MARKETING_VERSION = 2.0.0;
				PRODUCT_BUNDLE_IDENTIFIER = net.nakajijapan.PhotoSliderDemoUITests;
				PRODUCT_NAME = "$(TARGET_NAME)";
				SWIFT_EMIT_LOC_STRINGS = NO;
				SWIFT_VERSION = 6.0;
				TARGETED_DEVICE_FAMILY = "1,2";
				TEST_TARGET_NAME = PhotoSliderDemo;
			};
			name = Release;
		};
/* End XCBuildConfiguration section */

/* Begin XCConfigurationList section */
		A1000091000000000000001 /* Build configuration list for PBXProject "PhotoSliderDemo" */ = {
			isa = XCConfigurationList;
			buildConfigurations = (
				A1000092000000000000001 /* Debug */,
				A1000092000000000000002 /* Release */,
			);
			defaultConfigurationIsVisible = 0;
			defaultConfigurationName = Release;
		};
		A1000090000000000000001 /* Build configuration list for PBXNativeTarget "PhotoSliderDemo" */ = {
			isa = XCConfigurationList;
			buildConfigurations = (
				A1000093000000000000001 /* Debug */,
				A1000093000000000000002 /* Release */,
			);
			defaultConfigurationIsVisible = 0;
			defaultConfigurationName = Release;
		};
		A1000090000000000000002 /* Build configuration list for PBXNativeTarget "PhotoSliderDemoUITests" */ = {
			isa = XCConfigurationList;
			buildConfigurations = (
				A1000094000000000000001 /* Debug */,
				A1000094000000000000002 /* Release */,
			);
			defaultConfigurationIsVisible = 0;
			defaultConfigurationName = Release;
		};
/* End XCConfigurationList section */

/* Begin XCLocalSwiftPackageReference section */
		A1000051000000000000001 /* XCLocalSwiftPackageReference "." */ = {
			isa = XCLocalSwiftPackageReference;
			relativePath = .;
		};
/* End XCLocalSwiftPackageReference section */

/* Begin XCSwiftPackageProductDependency section */
		A1000050000000000000001 /* PhotoSlider */ = {
			isa = XCSwiftPackageProductDependency;
			productName = PhotoSlider;
		};
		A1000050000000000000002 /* PhotoSliderKingfisher */ = {
			isa = XCSwiftPackageProductDependency;
			productName = PhotoSliderKingfisher;
		};
		A1000050000000000000003 /* Kingfisher */ = {
			isa = XCSwiftPackageProductDependency;
			productName = Kingfisher;
		};
/* End XCSwiftPackageProductDependency section */
	};
	rootObject = A1000000000000000000001 /* Project object */;
}
