// !$*UTF8*$!
{
	archiveVersion = 1;
	classes = {
	};
	objectVersion = 46;
	objects = {

/* Begin PBXBuildFile section */
		965C495DE0B350CAA38C7A20 /* Pods_PhotoSliderDemoTests.framework in Frameworks */ = {isa = PBXBuildFile; fileRef = 689274A363491ABEA8D3598A /* Pods_PhotoSliderDemoTests.framework */; };
		AB06F23938AC0BC283224E8E /* Pods_PhotoSliderDemoUITests.framework in Frameworks */ = {isa = PBXBuildFile; fileRef = 96B4B364A5955F05C03F5A24 /* Pods_PhotoSliderDemoUITests.framework */; };
		D9DCCF302DB3F19DA4074317 /* Pods_PhotoSlider.framework in Frameworks */ = {isa = PBXBuildFile; fileRef = A3EBAB0CF6166BAE9BD7F6B1 /* Pods_PhotoSlider.framework */; };
		DC0358011B2D550600B80D21 /* Pods_PhotoSliderDemo.framework in Frameworks */ = {isa = PBXBuildFile; fileRef = 191D9A2EE675029B0F5FAEC1 /* Pods_PhotoSliderDemo.framework */; };
		DC20F45D1ADA871D009A4C64 /* AppDelegate.swift in Sources */ = {isa = PBXBuildFile; fileRef = DC20F45C1ADA871D009A4C64 /* AppDelegate.swift */; };
		DC20F45F1ADA871D009A4C64 /* ViewController.swift in Sources */ = {isa = PBXBuildFile; fileRef = DC20F45E1ADA871D009A4C64 /* ViewController.swift */; };
		DC20F4621ADA871D009A4C64 /* Main.storyboard in Resources */ = {isa = PBXBuildFile; fileRef = DC20F4601ADA871D009A4C64 /* Main.storyboard */; };
		DC20F4641ADA871D009A4C64 /* Images.xcassets in Resources */ = {isa = PBXBuildFile; fileRef = DC20F4631ADA871D009A4C64 /* Images.xcassets */; };
		DC20F4671ADA871D009A4C64 /* LaunchScreen.xib in Resources */ = {isa = PBXBuildFile; fileRef = DC20F4651ADA871D009A4C64 /* LaunchScreen.xib */; };
		DC20F4731ADA871D009A4C64 /* PhotoSliderDemoTests.swift in Sources */ = {isa = PBXBuildFile; fileRef = DC20F4721ADA871D009A4C64 /* PhotoSliderDemoTests.swift */; };
		DC740B191AEC6B2F00079D30 /* LICENSE in Resources */ = {isa = PBXBuildFile; fileRef = DC740B161AEC6B2F00079D30 /* LICENSE */; };
		DC740B1A1AEC6B2F00079D30 /* PhotoSlider.podspec in Resources */ = {isa = PBXBuildFile; fileRef = DC740B171AEC6B2F00079D30 /* PhotoSlider.podspec */; };
		DC76FA731C0053E400646B67 /* PhotoSlider.framework in Frameworks */ = {isa = PBXBuildFile; fileRef = DC76FA6C1C0053E400646B67 /* PhotoSlider.framework */; };
		DC76FA741C0053E400646B67 /* PhotoSlider.framework in Embed Frameworks */ = {isa = PBXBuildFile; fileRef = DC76FA6C1C0053E400646B67 /* PhotoSlider.framework */; settings = {ATTRIBUTES = (CodeSignOnCopy, RemoveHeadersOnCopy, ); }; };
		DC76FA791C00543200646B67 /* ImageView.swift in Sources */ = {isa = PBXBuildFile; fileRef = DC76FA581C00536D00646B67 /* ImageView.swift */; };
		DC76FA7A1C00543200646B67 /* Photo.swift in Sources */ = {isa = PBXBuildFile; fileRef = DC76FA591C00536D00646B67 /* Photo.swift */; };
		DC76FA7B1C00543200646B67 /* ProgressView.swift in Sources */ = {isa = PBXBuildFile; fileRef = DC76FA5A1C00536D00646B67 /* ProgressView.swift */; };
		DC76FA7C1C00543200646B67 /* ViewController.swift in Sources */ = {isa = PBXBuildFile; fileRef = DC76FA5B1C00536D00646B67 /* ViewController.swift */; };
		DC76FA7D1C00543200646B67 /* ZoomingAnimationController.swift in Sources */ = {isa = PBXBuildFile; fileRef = DC76FA5C1C00536D00646B67 /* ZoomingAnimationController.swift */; };
		DC76FA7E1C00545B00646B67 /* PhotoSliderClose.png in Resources */ = {isa = PBXBuildFile; fileRef = DC76FA531C00536D00646B67 /* PhotoSliderClose.png */; };
		DC76FA7F1C00545B00646B67 /* PhotoSliderClose@2x.png in Resources */ = {isa = PBXBuildFile; fileRef = DC76FA541C00536D00646B67 /* PhotoSliderClose@2x.png */; };
		DC76FA801C00545B00646B67 /* PhotoSliderClose@3x.png in Resources */ = {isa = PBXBuildFile; fileRef = DC76FA551C00536D00646B67 /* PhotoSliderClose@3x.png */; };
		DC917AC71BB29B7300031F84 /* PhotoSliderDemoUITests.swift in Sources */ = {isa = PBXBuildFile; fileRef = DC917AC61BB29B7300031F84 /* PhotoSliderDemoUITests.swift */; };
		DC917AE71BB2ABAC00031F84 /* Pods_PhotoSliderDemo.framework in Frameworks */ = {isa = PBXBuildFile; fileRef = 191D9A2EE675029B0F5FAEC1 /* Pods_PhotoSliderDemo.framework */; };
		DC917AE81BB2ABAC00031F84 /* Pods_PhotoSliderDemo.framework in Embed Frameworks */ = {isa = PBXBuildFile; fileRef = 191D9A2EE675029B0F5FAEC1 /* Pods_PhotoSliderDemo.framework */; settings = {ATTRIBUTES = (CodeSignOnCopy, RemoveHeadersOnCopy, ); }; };
		DC917AEA1BB2ABCD00031F84 /* Pods_PhotoSliderDemoTests.framework in Frameworks */ = {isa = PBXBuildFile; fileRef = 689274A363491ABEA8D3598A /* Pods_PhotoSliderDemoTests.framework */; settings = {ATTRIBUTES = (Weak, ); }; };
		DC917AEB1BB2ABCD00031F84 /* Pods_PhotoSliderDemoTests.framework in Embed Frameworks */ = {isa = PBXBuildFile; fileRef = 689274A363491ABEA8D3598A /* Pods_PhotoSliderDemoTests.framework */; settings = {ATTRIBUTES = (CodeSignOnCopy, RemoveHeadersOnCopy, ); }; };
		DC917AEC1BB2ABD000031F84 /* Pods_PhotoSliderDemoUITests.framework in Frameworks */ = {isa = PBXBuildFile; fileRef = 96B4B364A5955F05C03F5A24 /* Pods_PhotoSliderDemoUITests.framework */; settings = {ATTRIBUTES = (Weak, ); }; };
		DC917AED1BB2ABD000031F84 /* Pods_PhotoSliderDemoUITests.framework in Embed Frameworks */ = {isa = PBXBuildFile; fileRef = 96B4B364A5955F05C03F5A24 /* Pods_PhotoSliderDemoUITests.framework */; settings = {ATTRIBUTES = (CodeSignOnCopy, RemoveHeadersOnCopy, ); }; };
		DC917AF11BB3BC5700031F84 /* ImageCollectionViewCell.swift in Sources */ = {isa = PBXBuildFile; fileRef = DC917AF01BB3BC5700031F84 /* ImageCollectionViewCell.swift */; };
		DC9E68791C301D6C0095C3AB /* PhotoSlider.h in Headers */ = {isa = PBXBuildFile; fileRef = DC76FA6E1C0053E400646B67 /* PhotoSlider.h */; settings = {ATTRIBUTES = (Public, ); }; };
		DCE8F5351B94A2EA00B2D224 /* image001.jpg in Resources */ = {isa = PBXBuildFile; fileRef = DCE8F52D1B94A2EA00B2D224 /* image001.jpg */; };
		DCE8F5361B94A2EA00B2D224 /* image002.jpg in Resources */ = {isa = PBXBuildFile; fileRef = DCE8F52E1B94A2EA00B2D224 /* image002.jpg */; };
		DCE8F5371B94A2EA00B2D224 /* image003.jpg in Resources */ = {isa = PBXBuildFile; fileRef = DCE8F52F1B94A2EA00B2D224 /* image003.jpg */; };
		DCE8F5381B94A2EA00B2D224 /* image004.jpg in Resources */ = {isa = PBXBuildFile; fileRef = DCE8F5301B94A2EA00B2D224 /* image004.jpg */; };
		DCE8F5391B94A2EA00B2D224 /* image005.jpg in Resources */ = {isa = PBXBuildFile; fileRef = DCE8F5311B94A2EA00B2D224 /* image005.jpg */; };
		DCE8F53A1B94A2EA00B2D224 /* image006.jpg in Resources */ = {isa = PBXBuildFile; fileRef = DCE8F5321B94A2EA00B2D224 /* image006.jpg */; };
		DCE8F53B1B94A2EA00B2D224 /* image007.jpg in Resources */ = {isa = PBXBuildFile; fileRef = DCE8F5331B94A2EA00B2D224 /* image007.jpg */; };
		DCE8F53C1B94A2EA00B2D224 /* image008.jpg in Resources */ = {isa = PBXBuildFile; fileRef = DCE8F5341B94A2EA00B2D224 /* image008.jpg */; };
/* End PBXBuildFile section */

/* Begin PBXBuildRule section */
		DC76FA781C0053EC00646B67 /* PBXBuildRule */ = {
			isa = PBXBuildRule;
			compilerSpec = com.apple.xcode.tools.swift.compiler;
			fileType = sourcecode.swift;
			isEditable = 1;
			outputFiles = (
			);
			script = "# $(SWIFT_EXEC)\n";
		};
/* End PBXBuildRule section */

/* Begin PBXContainerItemProxy section */
		DC20F46D1ADA871D009A4C64 /* PBXContainerItemProxy */ = {
			isa = PBXContainerItemProxy;
			containerPortal = DC20F44F1ADA871D009A4C64 /* Project object */;
			proxyType = 1;
			remoteGlobalIDString = DC20F4561ADA871D009A4C64;
			remoteInfo = PhotoSliderDemo;
		};
		DC76FA711C0053E400646B67 /* PBXContainerItemProxy */ = {
			isa = PBXContainerItemProxy;
			containerPortal = DC20F44F1ADA871D009A4C64 /* Project object */;
			proxyType = 1;
			remoteGlobalIDString = DC76FA6B1C0053E400646B67;
			remoteInfo = PhotoSlider;
		};
		DC917AC91BB29B7300031F84 /* PBXContainerItemProxy */ = {
			isa = PBXContainerItemProxy;
			containerPortal = DC20F44F1ADA871D009A4C64 /* Project object */;
			proxyType = 1;
			remoteGlobalIDString = DC20F4561ADA871D009A4C64;
			remoteInfo = PhotoSliderDemo;
		};
/* End PBXContainerItemProxy section */

/* Begin PBXCopyFilesBuildPhase section */
		DC917AE91BB2ABAD00031F84 /* Embed Frameworks */ = {
			isa = PBXCopyFilesBuildPhase;
			buildActionMask = 2147483647;
			dstPath = "";
			dstSubfolderSpec = 10;
			files = (
				DC917AE81BB2ABAC00031F84 /* Pods_PhotoSliderDemo.framework in Embed Frameworks */,
				DC917AED1BB2ABD000031F84 /* Pods_PhotoSliderDemoUITests.framework in Embed Frameworks */,
				DC76FA741C0053E400646B67 /* PhotoSlider.framework in Embed Frameworks */,
				DC917AEB1BB2ABCD00031F84 /* Pods_PhotoSliderDemoTests.framework in Embed Frameworks */,
			);
			name = "Embed Frameworks";
			runOnlyForDeploymentPostprocessing = 0;
		};
/* End PBXCopyFilesBuildPhase section */

/* Begin PBXFileReference section */
		07275255459EA7A30C88B2C5 /* Pods-PhotoSliderDemoUITests.debug.xcconfig */ = {isa = PBXFileReference; includeInIndex = 1; lastKnownFileType = text.xcconfig; name = "Pods-PhotoSliderDemoUITests.debug.xcconfig"; path = "Pods/Target Support Files/Pods-PhotoSliderDemoUITests/Pods-PhotoSliderDemoUITests.debug.xcconfig"; sourceTree = "<group>"; };
		191D9A2EE675029B0F5FAEC1 /* Pods_PhotoSliderDemo.framework */ = {isa = PBXFileReference; explicitFileType = wrapper.framework; includeInIndex = 0; path = Pods_PhotoSliderDemo.framework; sourceTree = BUILT_PRODUCTS_DIR; };
		41089CB75B56F12DC715DE50 /* Pods-PhotoSliderDemoTests.release.xcconfig */ = {isa = PBXFileReference; includeInIndex = 1; lastKnownFileType = text.xcconfig; name = "Pods-PhotoSliderDemoTests.release.xcconfig"; path = "Pods/Target Support Files/Pods-PhotoSliderDemoTests/Pods-PhotoSliderDemoTests.release.xcconfig"; sourceTree = "<group>"; };
		48954EE5BD7E332C65202083 /* Pods-PhotoSliderDemoTests.debug.xcconfig */ = {isa = PBXFileReference; includeInIndex = 1; lastKnownFileType = text.xcconfig; name = "Pods-PhotoSliderDemoTests.debug.xcconfig"; path = "Pods/Target Support Files/Pods-PhotoSliderDemoTests/Pods-PhotoSliderDemoTests.debug.xcconfig"; sourceTree = "<group>"; };
		5048010D4C10E94A4C1A6517 /* Pods-PhotoSlider.release.xcconfig */ = {isa = PBXFileReference; includeInIndex = 1; lastKnownFileType = text.xcconfig; name = "Pods-PhotoSlider.release.xcconfig"; path = "Pods/Target Support Files/Pods-PhotoSlider/Pods-PhotoSlider.release.xcconfig"; sourceTree = "<group>"; };
		689274A363491ABEA8D3598A /* Pods_PhotoSliderDemoTests.framework */ = {isa = PBXFileReference; explicitFileType = wrapper.framework; includeInIndex = 0; path = Pods_PhotoSliderDemoTests.framework; sourceTree = BUILT_PRODUCTS_DIR; };
		7DEC318FBE9F374F079B49D4 /* Pods-PhotoSliderDemoUITests.release.xcconfig */ = {isa = PBXFileReference; includeInIndex = 1; lastKnownFileType = text.xcconfig; name = "Pods-PhotoSliderDemoUITests.release.xcconfig"; path = "Pods/Target Support Files/Pods-PhotoSliderDemoUITests/Pods-PhotoSliderDemoUITests.release.xcconfig"; sourceTree = "<group>"; };
		96B4B364A5955F05C03F5A24 /* Pods_PhotoSliderDemoUITests.framework */ = {isa = PBXFileReference; explicitFileType = wrapper.framework; includeInIndex = 0; path = Pods_PhotoSliderDemoUITests.framework; sourceTree = BUILT_PRODUCTS_DIR; };
		A3EBAB0CF6166BAE9BD7F6B1 /* Pods_PhotoSlider.framework */ = {isa = PBXFileReference; explicitFileType = wrapper.framework; includeInIndex = 0; path = Pods_PhotoSlider.framework; sourceTree = BUILT_PRODUCTS_DIR; };
		CAA14BFE259FFFFA34A7158C /* Pods-PhotoSliderDemo.release.xcconfig */ = {isa = PBXFileReference; includeInIndex = 1; lastKnownFileType = text.xcconfig; name = "Pods-PhotoSliderDemo.release.xcconfig"; path = "Pods/Target Support Files/Pods-PhotoSliderDemo/Pods-PhotoSliderDemo.release.xcconfig"; sourceTree = "<group>"; };
		CF4EE87704D26443EB7CA776 /* Pods-PhotoSliderDemo.debug.xcconfig */ = {isa = PBXFileReference; includeInIndex = 1; lastKnownFileType = text.xcconfig; name = "Pods-PhotoSliderDemo.debug.xcconfig"; path = "Pods/Target Support Files/Pods-PhotoSliderDemo/Pods-PhotoSliderDemo.debug.xcconfig"; sourceTree = "<group>"; };
		DC20F4571ADA871D009A4C64 /* PhotoSliderDemo.app */ = {isa = PBXFileReference; explicitFileType = wrapper.application; includeInIndex = 0; path = PhotoSliderDemo.app; sourceTree = BUILT_PRODUCTS_DIR; };
		DC20F45B1ADA871D009A4C64 /* Info.plist */ = {isa = PBXFileReference; lastKnownFileType = text.plist.xml; path = Info.plist; sourceTree = "<group>"; };
		DC20F45C1ADA871D009A4C64 /* AppDelegate.swift */ = {isa = PBXFileReference; lastKnownFileType = sourcecode.swift; path = AppDelegate.swift; sourceTree = "<group>"; };
		DC20F45E1ADA871D009A4C64 /* ViewController.swift */ = {isa = PBXFileReference; lastKnownFileType = sourcecode.swift; path = ViewController.swift; sourceTree = "<group>"; };
		DC20F4611ADA871D009A4C64 /* Base */ = {isa = PBXFileReference; lastKnownFileType = file.storyboard; name = Base; path = Base.lproj/Main.storyboard; sourceTree = "<group>"; };
		DC20F4631ADA871D009A4C64 /* Images.xcassets */ = {isa = PBXFileReference; lastKnownFileType = folder.assetcatalog; path = Images.xcassets; sourceTree = "<group>"; };
		DC20F4661ADA871D009A4C64 /* Base */ = {isa = PBXFileReference; lastKnownFileType = file.xib; name = Base; path = Base.lproj/LaunchScreen.xib; sourceTree = "<group>"; };
		DC20F46C1ADA871D009A4C64 /* PhotoSliderDemoTests.xctest */ = {isa = PBXFileReference; explicitFileType = wrapper.cfbundle; includeInIndex = 0; path = PhotoSliderDemoTests.xctest; sourceTree = BUILT_PRODUCTS_DIR; };
		DC20F4711ADA871D009A4C64 /* Info.plist */ = {isa = PBXFileReference; lastKnownFileType = text.plist.xml; path = Info.plist; sourceTree = "<group>"; };
		DC20F4721ADA871D009A4C64 /* PhotoSliderDemoTests.swift */ = {isa = PBXFileReference; lastKnownFileType = sourcecode.swift; path = PhotoSliderDemoTests.swift; sourceTree = "<group>"; };
		DC20F4801ADA9657009A4C64 /* PhotoSliderDemo-Bridging-Header.h */ = {isa = PBXFileReference; lastKnownFileType = sourcecode.c.h; path = "PhotoSliderDemo-Bridging-Header.h"; sourceTree = "<group>"; };
		DC740B161AEC6B2F00079D30 /* LICENSE */ = {isa = PBXFileReference; fileEncoding = 4; lastKnownFileType = text; name = LICENSE; path = ../LICENSE; sourceTree = "<group>"; };
		DC740B171AEC6B2F00079D30 /* PhotoSlider.podspec */ = {isa = PBXFileReference; fileEncoding = 4; lastKnownFileType = text; name = PhotoSlider.podspec; path = ../PhotoSlider.podspec; sourceTree = "<group>"; };
		DC740B181AEC6B2F00079D30 /* README.md */ = {isa = PBXFileReference; fileEncoding = 4; lastKnownFileType = net.daringfireball.markdown; name = README.md; path = ../README.md; sourceTree = "<group>"; };
		DC76FA531C00536D00646B67 /* PhotoSliderClose.png */ = {isa = PBXFileReference; lastKnownFileType = image.png; path = PhotoSliderClose.png; sourceTree = "<group>"; };
		DC76FA541C00536D00646B67 /* PhotoSliderClose@2x.png */ = {isa = PBXFileReference; lastKnownFileType = image.png; path = "PhotoSliderClose@2x.png"; sourceTree = "<group>"; };
		DC76FA551C00536D00646B67 /* PhotoSliderClose@3x.png */ = {isa = PBXFileReference; lastKnownFileType = image.png; path = "PhotoSliderClose@3x.png"; sourceTree = "<group>"; };
		DC76FA581C00536D00646B67 /* ImageView.swift */ = {isa = PBXFileReference; fileEncoding = 4; lastKnownFileType = sourcecode.swift; path = ImageView.swift; sourceTree = "<group>"; };
		DC76FA591C00536D00646B67 /* Photo.swift */ = {isa = PBXFileReference; fileEncoding = 4; lastKnownFileType = sourcecode.swift; path = Photo.swift; sourceTree = "<group>"; };
		DC76FA5A1C00536D00646B67 /* ProgressView.swift */ = {isa = PBXFileReference; fileEncoding = 4; lastKnownFileType = sourcecode.swift; path = ProgressView.swift; sourceTree = "<group>"; };
		DC76FA5B1C00536D00646B67 /* ViewController.swift */ = {isa = PBXFileReference; fileEncoding = 4; lastKnownFileType = sourcecode.swift; path = ViewController.swift; sourceTree = "<group>"; };
		DC76FA5C1C00536D00646B67 /* ZoomingAnimationController.swift */ = {isa = PBXFileReference; fileEncoding = 4; lastKnownFileType = sourcecode.swift; path = ZoomingAnimationController.swift; sourceTree = "<group>"; };
		DC76FA6C1C0053E400646B67 /* PhotoSlider.framework */ = {isa = PBXFileReference; explicitFileType = wrapper.framework; includeInIndex = 0; path = PhotoSlider.framework; sourceTree = BUILT_PRODUCTS_DIR; };
		DC76FA6E1C0053E400646B67 /* PhotoSlider.h */ = {isa = PBXFileReference; lastKnownFileType = sourcecode.c.h; path = PhotoSlider.h; sourceTree = "<group>"; };
		DC76FA701C0053E400646B67 /* Info.plist */ = {isa = PBXFileReference; lastKnownFileType = text.plist.xml; path = Info.plist; sourceTree = "<group>"; };
		DC917AC41BB29B7300031F84 /* PhotoSliderDemoUITests.xctest */ = {isa = PBXFileReference; explicitFileType = wrapper.cfbundle; includeInIndex = 0; path = PhotoSliderDemoUITests.xctest; sourceTree = BUILT_PRODUCTS_DIR; };
		DC917AC61BB29B7300031F84 /* PhotoSliderDemoUITests.swift */ = {isa = PBXFileReference; lastKnownFileType = sourcecode.swift; path = PhotoSliderDemoUITests.swift; sourceTree = "<group>"; };
		DC917AC81BB29B7300031F84 /* Info.plist */ = {isa = PBXFileReference; lastKnownFileType = text.plist.xml; path = Info.plist; sourceTree = "<group>"; };
		DC917ACE1BB2A93D00031F84 /* Pods_PhotoSliderDemoUITests.framework */ = {isa = PBXFileReference; lastKnownFileType = wrapper.framework; name = Pods_PhotoSliderDemoUITests.framework; path = "Pods/../build/Debug-iphoneos/Pods_PhotoSliderDemoUITests.framework"; sourceTree = "<group>"; };
		DC917AD01BB2A95700031F84 /* Pods_PhotoSliderDemoUITests.framework */ = {isa = PBXFileReference; lastKnownFileType = wrapper.framework; name = Pods_PhotoSliderDemoUITests.framework; path = "Pods/../build/Debug-iphoneos/Pods_PhotoSliderDemoUITests.framework"; sourceTree = "<group>"; };
		DC917AD21BB2AA6000031F84 /* Pods_PhotoSliderDemo.framework */ = {isa = PBXFileReference; lastKnownFileType = wrapper.framework; name = Pods_PhotoSliderDemo.framework; path = "Pods/../build/Debug-iphoneos/Pods_PhotoSliderDemo.framework"; sourceTree = "<group>"; };
		DC917AD41BB2AA6500031F84 /* Pods_PhotoSliderDemoTests.framework */ = {isa = PBXFileReference; lastKnownFileType = wrapper.framework; name = Pods_PhotoSliderDemoTests.framework; path = "Pods/../build/Debug-iphoneos/Pods_PhotoSliderDemoTests.framework"; sourceTree = "<group>"; };
		DC917AD61BB2AA6800031F84 /* Pods_PhotoSliderDemoUITests.framework */ = {isa = PBXFileReference; lastKnownFileType = wrapper.framework; name = Pods_PhotoSliderDemoUITests.framework; path = "Pods/../build/Debug-iphoneos/Pods_PhotoSliderDemoUITests.framework"; sourceTree = "<group>"; };
		DC917AF01BB3BC5700031F84 /* ImageCollectionViewCell.swift */ = {isa = PBXFileReference; fileEncoding = 4; lastKnownFileType = sourcecode.swift; path = ImageCollectionViewCell.swift; sourceTree = "<group>"; };
		DCE8F52D1B94A2EA00B2D224 /* image001.jpg */ = {isa = PBXFileReference; lastKnownFileType = image.jpeg; path = image001.jpg; sourceTree = "<group>"; };
		DCE8F52E1B94A2EA00B2D224 /* image002.jpg */ = {isa = PBXFileReference; lastKnownFileType = image.jpeg; path = image002.jpg; sourceTree = "<group>"; };
		DCE8F52F1B94A2EA00B2D224 /* image003.jpg */ = {isa = PBXFileReference; lastKnownFileType = image.jpeg; path = image003.jpg; sourceTree = "<group>"; };
		DCE8F5301B94A2EA00B2D224 /* image004.jpg */ = {isa = PBXFileReference; lastKnownFileType = image.jpeg; path = image004.jpg; sourceTree = "<group>"; };
		DCE8F5311B94A2EA00B2D224 /* image005.jpg */ = {isa = PBXFileReference; lastKnownFileType = image.jpeg; path = image005.jpg; sourceTree = "<group>"; };
		DCE8F5321B94A2EA00B2D224 /* image006.jpg */ = {isa = PBXFileReference; lastKnownFileType = image.jpeg; path = image006.jpg; sourceTree = "<group>"; };
		DCE8F5331B94A2EA00B2D224 /* image007.jpg */ = {isa = PBXFileReference; lastKnownFileType = image.jpeg; path = image007.jpg; sourceTree = "<group>"; };
		DCE8F5341B94A2EA00B2D224 /* image008.jpg */ = {isa = PBXFileReference; lastKnownFileType = image.jpeg; path = image008.jpg; sourceTree = "<group>"; };
		F09EED8B87038C76A1C398A6 /* Pods-PhotoSlider.debug.xcconfig */ = {isa = PBXFileReference; includeInIndex = 1; lastKnownFileType = text.xcconfig; name = "Pods-PhotoSlider.debug.xcconfig"; path = "Pods/Target Support Files/Pods-PhotoSlider/Pods-PhotoSlider.debug.xcconfig"; sourceTree = "<group>"; };
/* End PBXFileReference section */

/* Begin PBXFrameworksBuildPhase section */
		DC20F4541ADA871D009A4C64 /* Frameworks */ = {
			isa = PBXFrameworksBuildPhase;
			buildActionMask = 2147483647;
			files = (
				DC917AE71BB2ABAC00031F84 /* Pods_PhotoSliderDemo.framework in Frameworks */,
				DC917AEC1BB2ABD000031F84 /* Pods_PhotoSliderDemoUITests.framework in Frameworks */,
				DC76FA731C0053E400646B67 /* PhotoSlider.framework in Frameworks */,
				DC917AEA1BB2ABCD00031F84 /* Pods_PhotoSliderDemoTests.framework in Frameworks */,
			);
			runOnlyForDeploymentPostprocessing = 0;
		};
		DC20F4691ADA871D009A4C64 /* Frameworks */ = {
			isa = PBXFrameworksBuildPhase;
			buildActionMask = 2147483647;
			files = (
				965C495DE0B350CAA38C7A20 /* Pods_PhotoSliderDemoTests.framework in Frameworks */,
				DC0358011B2D550600B80D21 /* Pods_PhotoSliderDemo.framework in Frameworks */,
			);
			runOnlyForDeploymentPostprocessing = 0;
		};
		DC76FA681C0053E400646B67 /* Frameworks */ = {
			isa = PBXFrameworksBuildPhase;
			buildActionMask = 2147483647;
			files = (
				D9DCCF302DB3F19DA4074317 /* Pods_PhotoSlider.framework in Frameworks */,
			);
			runOnlyForDeploymentPostprocessing = 0;
		};
		DC917AC11BB29B7300031F84 /* Frameworks */ = {
			isa = PBXFrameworksBuildPhase;
			buildActionMask = 2147483647;
			files = (
				AB06F23938AC0BC283224E8E /* Pods_PhotoSliderDemoUITests.framework in Frameworks */,
			);
			runOnlyForDeploymentPostprocessing = 0;
		};
/* End PBXFrameworksBuildPhase section */

/* Begin PBXGroup section */
		66A3BAA23076667DA79DC70A /* Frameworks */ = {
			isa = PBXGroup;
			children = (
				DC917AD61BB2AA6800031F84 /* Pods_PhotoSliderDemoUITests.framework */,
				DC917AD41BB2AA6500031F84 /* Pods_PhotoSliderDemoTests.framework */,
				DC917AD21BB2AA6000031F84 /* Pods_PhotoSliderDemo.framework */,
				DC917AD01BB2A95700031F84 /* Pods_PhotoSliderDemoUITests.framework */,
				DC917ACE1BB2A93D00031F84 /* Pods_PhotoSliderDemoUITests.framework */,
				191D9A2EE675029B0F5FAEC1 /* Pods_PhotoSliderDemo.framework */,
				689274A363491ABEA8D3598A /* Pods_PhotoSliderDemoTests.framework */,
				96B4B364A5955F05C03F5A24 /* Pods_PhotoSliderDemoUITests.framework */,
				A3EBAB0CF6166BAE9BD7F6B1 /* Pods_PhotoSlider.framework */,
			);
			name = Frameworks;
			sourceTree = "<group>";
		};
		9BF74163E5DA4094004C64A0 /* Pods */ = {
			isa = PBXGroup;
			children = (
				CF4EE87704D26443EB7CA776 /* Pods-PhotoSliderDemo.debug.xcconfig */,
				CAA14BFE259FFFFA34A7158C /* Pods-PhotoSliderDemo.release.xcconfig */,
				48954EE5BD7E332C65202083 /* Pods-PhotoSliderDemoTests.debug.xcconfig */,
				41089CB75B56F12DC715DE50 /* Pods-PhotoSliderDemoTests.release.xcconfig */,
				07275255459EA7A30C88B2C5 /* Pods-PhotoSliderDemoUITests.debug.xcconfig */,
				7DEC318FBE9F374F079B49D4 /* Pods-PhotoSliderDemoUITests.release.xcconfig */,
				F09EED8B87038C76A1C398A6 /* Pods-PhotoSlider.debug.xcconfig */,
				5048010D4C10E94A4C1A6517 /* Pods-PhotoSlider.release.xcconfig */,
			);
			name = Pods;
			sourceTree = "<group>";
		};
		DC20F44E1ADA871D009A4C64 = {
			isa = PBXGroup;
			children = (
				DCE8F52C1B94A2EA00B2D224 /* Resources */,
				DC740B151AEC6A0900079D30 /* Podspec Metadata */,
				DC20F4591ADA871D009A4C64 /* PhotoSliderDemo */,
				DC20F46F1ADA871D009A4C64 /* PhotoSliderDemoTests */,
				DC917AC51BB29B7300031F84 /* PhotoSliderDemoUITests */,
				DC76FA6D1C0053E400646B67 /* PhotoSlider */,
				DC20F4581ADA871D009A4C64 /* Products */,
				9BF74163E5DA4094004C64A0 /* Pods */,
				66A3BAA23076667DA79DC70A /* Frameworks */,
			);
			sourceTree = "<group>";
		};
		DC20F4581ADA871D009A4C64 /* Products */ = {
			isa = PBXGroup;
			children = (
				DC20F4571ADA871D009A4C64 /* PhotoSliderDemo.app */,
				DC20F46C1ADA871D009A4C64 /* PhotoSliderDemoTests.xctest */,
				DC917AC41BB29B7300031F84 /* PhotoSliderDemoUITests.xctest */,
				DC76FA6C1C0053E400646B67 /* PhotoSlider.framework */,
			);
			name = Products;
			sourceTree = "<group>";
		};
		DC20F4591ADA871D009A4C64 /* PhotoSliderDemo */ = {
			isa = PBXGroup;
			children = (
				DC20F45C1ADA871D009A4C64 /* AppDelegate.swift */,
				DC20F45E1ADA871D009A4C64 /* ViewController.swift */,
				DC917AF01BB3BC5700031F84 /* ImageCollectionViewCell.swift */,
				DC20F4601ADA871D009A4C64 /* Main.storyboard */,
				DC20F4631ADA871D009A4C64 /* Images.xcassets */,
				DC20F4651ADA871D009A4C64 /* LaunchScreen.xib */,
				DC20F45A1ADA871D009A4C64 /* Supporting Files */,
			);
			path = PhotoSliderDemo;
			sourceTree = "<group>";
		};
		DC20F45A1ADA871D009A4C64 /* Supporting Files */ = {
			isa = PBXGroup;
			children = (
				DC20F45B1ADA871D009A4C64 /* Info.plist */,
				DC20F4801ADA9657009A4C64 /* PhotoSliderDemo-Bridging-Header.h */,
			);
			name = "Supporting Files";
			sourceTree = "<group>";
		};
		DC20F46F1ADA871D009A4C64 /* PhotoSliderDemoTests */ = {
			isa = PBXGroup;
			children = (
				DC20F4721ADA871D009A4C64 /* PhotoSliderDemoTests.swift */,
				DC20F4701ADA871D009A4C64 /* Supporting Files */,
			);
			path = PhotoSliderDemoTests;
			sourceTree = "<group>";
		};
		DC20F4701ADA871D009A4C64 /* Supporting Files */ = {
			isa = PBXGroup;
			children = (
				DC20F4711ADA871D009A4C64 /* Info.plist */,
			);
			name = "Supporting Files";
			sourceTree = "<group>";
		};
		DC740B151AEC6A0900079D30 /* Podspec Metadata */ = {
			isa = PBXGroup;
			children = (
				DC740B161AEC6B2F00079D30 /* LICENSE */,
				DC740B171AEC6B2F00079D30 /* PhotoSlider.podspec */,
				DC740B181AEC6B2F00079D30 /* README.md */,
			);
			name = "Podspec Metadata";
			sourceTree = "<group>";
		};
		DC76FA511C00536D00646B67 /* Assets */ = {
			isa = PBXGroup;
			children = (
				DC76FA531C00536D00646B67 /* PhotoSliderClose.png */,
				DC76FA541C00536D00646B67 /* PhotoSliderClose@2x.png */,
				DC76FA551C00536D00646B67 /* PhotoSliderClose@3x.png */,
			);
			name = Assets;
			path = ../../Pod/Assets;
			sourceTree = "<group>";
		};
		DC76FA561C00536D00646B67 /* Classes */ = {
			isa = PBXGroup;
			children = (
				DC76FA581C00536D00646B67 /* ImageView.swift */,
				DC76FA591C00536D00646B67 /* Photo.swift */,
				DC76FA5A1C00536D00646B67 /* ProgressView.swift */,
				DC76FA5B1C00536D00646B67 /* ViewController.swift */,
				DC76FA5C1C00536D00646B67 /* ZoomingAnimationController.swift */,
			);
			name = Classes;
			path = ../../Pod/Classes;
			sourceTree = "<group>";
		};
		DC76FA6D1C0053E400646B67 /* PhotoSlider */ = {
			isa = PBXGroup;
			children = (
				DC76FA6E1C0053E400646B67 /* PhotoSlider.h */,
				DC76FA701C0053E400646B67 /* Info.plist */,
				DC76FA511C00536D00646B67 /* Assets */,
				DC76FA561C00536D00646B67 /* Classes */,
			);
			path = PhotoSlider;
			sourceTree = "<group>";
		};
		DC917AC51BB29B7300031F84 /* PhotoSliderDemoUITests */ = {
			isa = PBXGroup;
			children = (
				DC917AC61BB29B7300031F84 /* PhotoSliderDemoUITests.swift */,
				DC917AC81BB29B7300031F84 /* Info.plist */,
			);
			path = PhotoSliderDemoUITests;
			sourceTree = "<group>";
		};
		DCE8F52C1B94A2EA00B2D224 /* Resources */ = {
			isa = PBXGroup;
			children = (
				DCE8F52D1B94A2EA00B2D224 /* image001.jpg */,
				DCE8F52E1B94A2EA00B2D224 /* image002.jpg */,
				DCE8F52F1B94A2EA00B2D224 /* image003.jpg */,
				DCE8F5301B94A2EA00B2D224 /* image004.jpg */,
				DCE8F5311B94A2EA00B2D224 /* image005.jpg */,
				DCE8F5321B94A2EA00B2D224 /* image006.jpg */,
				DCE8F5331B94A2EA00B2D224 /* image007.jpg */,
				DCE8F5341B94A2EA00B2D224 /* image008.jpg */,
			);
			path = Resources;
			sourceTree = "<group>";
		};
/* End PBXGroup section */

/* Begin PBXHeadersBuildPhase section */
		DC76FA691C0053E400646B67 /* Headers */ = {
			isa = PBXHeadersBuildPhase;
			buildActionMask = 2147483647;
			files = (
				DC9E68791C301D6C0095C3AB /* PhotoSlider.h in Headers */,
			);
			runOnlyForDeploymentPostprocessing = 0;
		};
/* End PBXHeadersBuildPhase section */

/* Begin PBXNativeTarget section */
		DC20F4561ADA871D009A4C64 /* PhotoSliderDemo */ = {
			isa = PBXNativeTarget;
			buildConfigurationList = DC20F4761ADA871D009A4C64 /* Build configuration list for PBXNativeTarget "PhotoSliderDemo" */;
			buildPhases = (
				C09C446FE462AFCDBA7FD924 /* Check Pods Manifest.lock */,
				DC20F4531ADA871D009A4C64 /* Sources */,
				DC20F4541ADA871D009A4C64 /* Frameworks */,
				DC20F4551ADA871D009A4C64 /* Resources */,
				2485CC77A70B7A6DE7448FF7 /* Embed Pods Frameworks */,
				59CC92A4452E8AAC945F4669 /* Copy Pods Resources */,
				DC917AE91BB2ABAD00031F84 /* Embed Frameworks */,
			);
			buildRules = (
			);
			dependencies = (
				DC76FA721C0053E400646B67 /* PBXTargetDependency */,
			);
			name = PhotoSliderDemo;
			productName = PhotoSliderDemo;
			productReference = DC20F4571ADA871D009A4C64 /* PhotoSliderDemo.app */;
			productType = "com.apple.product-type.application";
		};
		DC20F46B1ADA871D009A4C64 /* PhotoSliderDemoTests */ = {
			isa = PBXNativeTarget;
			buildConfigurationList = DC20F4791ADA871D009A4C64 /* Build configuration list for PBXNativeTarget "PhotoSliderDemoTests" */;
			buildPhases = (
				7D1196F87634C1D409F3D0CA /* Check Pods Manifest.lock */,
				DC20F4681ADA871D009A4C64 /* Sources */,
				DC20F4691ADA871D009A4C64 /* Frameworks */,
				DC20F46A1ADA871D009A4C64 /* Resources */,
				750F900D03ABCA3B7E7C365C /* Embed Pods Frameworks */,
				6B2CA360EAE21A8576BA873D /* Copy Pods Resources */,
			);
			buildRules = (
			);
			dependencies = (
				DC20F46E1ADA871D009A4C64 /* PBXTargetDependency */,
			);
			name = PhotoSliderDemoTests;
			productName = PhotoSliderDemoTests;
			productReference = DC20F46C1ADA871D009A4C64 /* PhotoSliderDemoTests.xctest */;
			productType = "com.apple.product-type.bundle.unit-test";
		};
		DC76FA6B1C0053E400646B67 /* PhotoSlider */ = {
			isa = PBXNativeTarget;
			buildConfigurationList = DC76FA771C0053E400646B67 /* Build configuration list for PBXNativeTarget "PhotoSlider" */;
			buildPhases = (
				CF4D0799E61FCAE67A649CE9 /* Check Pods Manifest.lock */,
				DC76FA671C0053E400646B67 /* Sources */,
				DC76FA681C0053E400646B67 /* Frameworks */,
				DC76FA691C0053E400646B67 /* Headers */,
				DC76FA6A1C0053E400646B67 /* Resources */,
				3B3CA7F4C2FB84581DF6464D /* Copy Pods Resources */,
			);
			buildRules = (
				DC76FA781C0053EC00646B67 /* PBXBuildRule */,
			);
			dependencies = (
			);
			name = PhotoSlider;
			productName = PhotoSlider;
			productReference = DC76FA6C1C0053E400646B67 /* PhotoSlider.framework */;
			productType = "com.apple.product-type.framework";
		};
		DC917AC31BB29B7300031F84 /* PhotoSliderDemoUITests */ = {
			isa = PBXNativeTarget;
			buildConfigurationList = DC917ACD1BB29B7300031F84 /* Build configuration list for PBXNativeTarget "PhotoSliderDemoUITests" */;
			buildPhases = (
				B777FC930CCA1EF3EB138463 /* Check Pods Manifest.lock */,
				DC917AC01BB29B7300031F84 /* Sources */,
				DC917AC11BB29B7300031F84 /* Frameworks */,
				DC917AC21BB29B7300031F84 /* Resources */,
				503D2E2D69EF143F6D985B7E /* Copy Pods Resources */,
			);
			buildRules = (
			);
			dependencies = (
				DC917ACA1BB29B7300031F84 /* PBXTargetDependency */,
			);
			name = PhotoSliderDemoUITests;
			productName = PhotoSliderDemoUITests;
			productReference = DC917AC41BB29B7300031F84 /* PhotoSliderDemoUITests.xctest */;
			productType = "com.apple.product-type.bundle.ui-testing";
		};
/* End PBXNativeTarget section */

/* Begin PBXProject section */
		DC20F44F1ADA871D009A4C64 /* Project object */ = {
			isa = PBXProject;
			attributes = {
				LastSwiftUpdateCheck = 0700;
				LastUpgradeCheck = 0700;
				ORGANIZATIONNAME = net.nakajijapan;
				TargetAttributes = {
					DC20F4561ADA871D009A4C64 = {
						CreatedOnToolsVersion = 6.2;
					};
					DC20F46B1ADA871D009A4C64 = {
						CreatedOnToolsVersion = 6.2;
						TestTargetID = DC20F4561ADA871D009A4C64;
					};
					DC76FA6B1C0053E400646B67 = {
						CreatedOnToolsVersion = 7.1.1;
					};
					DC917AC31BB29B7300031F84 = {
						CreatedOnToolsVersion = 7.0;
						TestTargetID = DC20F4561ADA871D009A4C64;
					};
				};
			};
			buildConfigurationList = DC20F4521ADA871D009A4C64 /* Build configuration list for PBXProject "PhotoSliderDemo" */;
			compatibilityVersion = "Xcode 3.2";
			developmentRegion = English;
			hasScannedForEncodings = 0;
			knownRegions = (
				en,
				Base,
			);
			mainGroup = DC20F44E1ADA871D009A4C64;
			productRefGroup = DC20F4581ADA871D009A4C64 /* Products */;
			projectDirPath = "";
			projectRoot = "";
			targets = (
				DC20F4561ADA871D009A4C64 /* PhotoSliderDemo */,
				DC20F46B1ADA871D009A4C64 /* PhotoSliderDemoTests */,
				DC917AC31BB29B7300031F84 /* PhotoSliderDemoUITests */,
				DC76FA6B1C0053E400646B67 /* PhotoSlider */,
			);
		};
/* End PBXProject section */

/* Begin PBXResourcesBuildPhase section */
		DC20F4551ADA871D009A4C64 /* Resources */ = {
			isa = PBXResourcesBuildPhase;
			buildActionMask = 2147483647;
			files = (
				DC20F4621ADA871D009A4C64 /* Main.storyboard in Resources */,
				DCE8F5371B94A2EA00B2D224 /* image003.jpg in Resources */,
				DC20F4671ADA871D009A4C64 /* LaunchScreen.xib in Resources */,
				DCE8F5361B94A2EA00B2D224 /* image002.jpg in Resources */,
				DC740B191AEC6B2F00079D30 /* LICENSE in Resources */,
				DCE8F53B1B94A2EA00B2D224 /* image007.jpg in Resources */,
				DCE8F53A1B94A2EA00B2D224 /* image006.jpg in Resources */,
				DC20F4641ADA871D009A4C64 /* Images.xcassets in Resources */,
				DC740B1A1AEC6B2F00079D30 /* PhotoSlider.podspec in Resources */,
				DCE8F5391B94A2EA00B2D224 /* image005.jpg in Resources */,
				DCE8F5351B94A2EA00B2D224 /* image001.jpg in Resources */,
				DCE8F5381B94A2EA00B2D224 /* image004.jpg in Resources */,
				DCE8F53C1B94A2EA00B2D224 /* image008.jpg in Resources */,
			);
			runOnlyForDeploymentPostprocessing = 0;
		};
		DC20F46A1ADA871D009A4C64 /* Resources */ = {
			isa = PBXResourcesBuildPhase;
			buildActionMask = 2147483647;
			files = (
			);
			runOnlyForDeploymentPostprocessing = 0;
		};
		DC76FA6A1C0053E400646B67 /* Resources */ = {
			isa = PBXResourcesBuildPhase;
			buildActionMask = 2147483647;
			files = (
				DC76FA7E1C00545B00646B67 /* PhotoSliderClose.png in Resources */,
				DC76FA7F1C00545B00646B67 /* PhotoSliderClose@2x.png in Resources */,
				DC76FA801C00545B00646B67 /* PhotoSliderClose@3x.png in Resources */,
			);
			runOnlyForDeploymentPostprocessing = 0;
		};
		DC917AC21BB29B7300031F84 /* Resources */ = {
			isa = PBXResourcesBuildPhase;
			buildActionMask = 2147483647;
			files = (
			);
			runOnlyForDeploymentPostprocessing = 0;
		};
/* End PBXResourcesBuildPhase section */

/* Begin PBXShellScriptBuildPhase section */
		2485CC77A70B7A6DE7448FF7 /* Embed Pods Frameworks */ = {
			isa = PBXShellScriptBuildPhase;
			buildActionMask = 2147483647;
			files = (
			);
			inputPaths = (
			);
			name = "Embed Pods Frameworks";
			outputPaths = (
			);
			runOnlyForDeploymentPostprocessing = 0;
			shellPath = /bin/sh;
			shellScript = "\"${SRCROOT}/Pods/Target Support Files/Pods-PhotoSliderDemo/Pods-PhotoSliderDemo-frameworks.sh\"\n";
			showEnvVarsInLog = 0;
		};
		3B3CA7F4C2FB84581DF6464D /* Copy Pods Resources */ = {
			isa = PBXShellScriptBuildPhase;
			buildActionMask = 2147483647;
			files = (
			);
			inputPaths = (
			);
			name = "Copy Pods Resources";
			outputPaths = (
			);
			runOnlyForDeploymentPostprocessing = 0;
			shellPath = /bin/sh;
			shellScript = "\"${SRCROOT}/Pods/Target Support Files/Pods-PhotoSlider/Pods-PhotoSlider-resources.sh\"\n";
			showEnvVarsInLog = 0;
		};
		503D2E2D69EF143F6D985B7E /* Copy Pods Resources */ = {
			isa = PBXShellScriptBuildPhase;
			buildActionMask = 2147483647;
			files = (
			);
			inputPaths = (
			);
			name = "Copy Pods Resources";
			outputPaths = (
			);
			runOnlyForDeploymentPostprocessing = 0;
			shellPath = /bin/sh;
			shellScript = "\"${SRCROOT}/Pods/Target Support Files/Pods-PhotoSliderDemoUITests/Pods-PhotoSliderDemoUITests-resources.sh\"\n";
			showEnvVarsInLog = 0;
		};
		59CC92A4452E8AAC945F4669 /* Copy Pods Resources */ = {
			isa = PBXShellScriptBuildPhase;
			buildActionMask = 2147483647;
			files = (
			);
			inputPaths = (
			);
			name = "Copy Pods Resources";
			outputPaths = (
			);
			runOnlyForDeploymentPostprocessing = 0;
			shellPath = /bin/sh;
			shellScript = "\"${SRCROOT}/Pods/Target Support Files/Pods-PhotoSliderDemo/Pods-PhotoSliderDemo-resources.sh\"\n";
			showEnvVarsInLog = 0;
		};
		6B2CA360EAE21A8576BA873D /* Copy Pods Resources */ = {
			isa = PBXShellScriptBuildPhase;
			buildActionMask = 2147483647;
			files = (
			);
			inputPaths = (
			);
			name = "Copy Pods Resources";
			outputPaths = (
			);
			runOnlyForDeploymentPostprocessing = 0;
			shellPath = /bin/sh;
			shellScript = "\"${SRCROOT}/Pods/Target Support Files/Pods-PhotoSliderDemoTests/Pods-PhotoSliderDemoTests-resources.sh\"\n";
			showEnvVarsInLog = 0;
		};
		750F900D03ABCA3B7E7C365C /* Embed Pods Frameworks */ = {
			isa = PBXShellScriptBuildPhase;
			buildActionMask = 2147483647;
			files = (
			);
			inputPaths = (
			);
			name = "Embed Pods Frameworks";
			outputPaths = (
			);
			runOnlyForDeploymentPostprocessing = 0;
			shellPath = /bin/sh;
			shellScript = "\"${SRCROOT}/Pods/Target Support Files/Pods-PhotoSliderDemoTests/Pods-PhotoSliderDemoTests-frameworks.sh\"\n";
			showEnvVarsInLog = 0;
		};
		7D1196F87634C1D409F3D0CA /* Check Pods Manifest.lock */ = {
			isa = PBXShellScriptBuildPhase;
			buildActionMask = 2147483647;
			files = (
			);
			inputPaths = (
			);
			name = "Check Pods Manifest.lock";
			outputPaths = (
			);
			runOnlyForDeploymentPostprocessing = 0;
			shellPath = /bin/sh;
			shellScript = "diff \"${PODS_ROOT}/../Podfile.lock\" \"${PODS_ROOT}/Manifest.lock\" > /dev/null\nif [[ $? != 0 ]] ; then\n    cat << EOM\nerror: The sandbox is not in sync with the Podfile.lock. Run 'pod install' or update your CocoaPods installation.\nEOM\n    exit 1\nfi\n";
			showEnvVarsInLog = 0;
		};
		B777FC930CCA1EF3EB138463 /* Check Pods Manifest.lock */ = {
			isa = PBXShellScriptBuildPhase;
			buildActionMask = 2147483647;
			files = (
			);
			inputPaths = (
			);
			name = "Check Pods Manifest.lock";
			outputPaths = (
			);
			runOnlyForDeploymentPostprocessing = 0;
			shellPath = /bin/sh;
			shellScript = "diff \"${PODS_ROOT}/../Podfile.lock\" \"${PODS_ROOT}/Manifest.lock\" > /dev/null\nif [[ $? != 0 ]] ; then\n    cat << EOM\nerror: The sandbox is not in sync with the Podfile.lock. Run 'pod install' or update your CocoaPods installation.\nEOM\n    exit 1\nfi\n";
			showEnvVarsInLog = 0;
		};
		C09C446FE462AFCDBA7FD924 /* Check Pods Manifest.lock */ = {
			isa = PBXShellScriptBuildPhase;
			buildActionMask = 2147483647;
			files = (
			);
			inputPaths = (
			);
			name = "Check Pods Manifest.lock";
			outputPaths = (
			);
			runOnlyForDeploymentPostprocessing = 0;
			shellPath = /bin/sh;
			shellScript = "diff \"${PODS_ROOT}/../Podfile.lock\" \"${PODS_ROOT}/Manifest.lock\" > /dev/null\nif [[ $? != 0 ]] ; then\n    cat << EOM\nerror: The sandbox is not in sync with the Podfile.lock. Run 'pod install' or update your CocoaPods installation.\nEOM\n    exit 1\nfi\n";
			showEnvVarsInLog = 0;
		};
		CF4D0799E61FCAE67A649CE9 /* Check Pods Manifest.lock */ = {
			isa = PBXShellScriptBuildPhase;
			buildActionMask = 2147483647;
			files = (
			);
			inputPaths = (
			);
			name = "Check Pods Manifest.lock";
			outputPaths = (
			);
			runOnlyForDeploymentPostprocessing = 0;
			shellPath = /bin/sh;
			shellScript = "diff \"${PODS_ROOT}/../Podfile.lock\" \"${PODS_ROOT}/Manifest.lock\" > /dev/null\nif [[ $? != 0 ]] ; then\n    cat << EOM\nerror: The sandbox is not in sync with the Podfile.lock. Run 'pod install' or update your CocoaPods installation.\nEOM\n    exit 1\nfi\n";
			showEnvVarsInLog = 0;
		};
/* End PBXShellScriptBuildPhase section */

/* Begin PBXSourcesBuildPhase section */
		DC20F4531ADA871D009A4C64 /* Sources */ = {
			isa = PBXSourcesBuildPhase;
			buildActionMask = 2147483647;
			files = (
				DC917AF11BB3BC5700031F84 /* ImageCollectionViewCell.swift in Sources */,
				DC20F45F1ADA871D009A4C64 /* ViewController.swift in Sources */,
				DC20F45D1ADA871D009A4C64 /* AppDelegate.swift in Sources */,
			);
			runOnlyForDeploymentPostprocessing = 0;
		};
		DC20F4681ADA871D009A4C64 /* Sources */ = {
			isa = PBXSourcesBuildPhase;
			buildActionMask = 2147483647;
			files = (
				DC20F4731ADA871D009A4C64 /* PhotoSliderDemoTests.swift in Sources */,
			);
			runOnlyForDeploymentPostprocessing = 0;
		};
		DC76FA671C0053E400646B67 /* Sources */ = {
			isa = PBXSourcesBuildPhase;
			buildActionMask = 2147483647;
			files = (
				DC76FA791C00543200646B67 /* ImageView.swift in Sources */,
				DC76FA7A1C00543200646B67 /* Photo.swift in Sources */,
				DC76FA7B1C00543200646B67 /* ProgressView.swift in Sources */,
				DC76FA7C1C00543200646B67 /* ViewController.swift in Sources */,
				DC76FA7D1C00543200646B67 /* ZoomingAnimationController.swift in Sources */,
			);
			runOnlyForDeploymentPostprocessing = 0;
		};
		DC917AC01BB29B7300031F84 /* Sources */ = {
			isa = PBXSourcesBuildPhase;
			buildActionMask = 2147483647;
			files = (
				DC917AC71BB29B7300031F84 /* PhotoSliderDemoUITests.swift in Sources */,
			);
			runOnlyForDeploymentPostprocessing = 0;
		};
/* End PBXSourcesBuildPhase section */

/* Begin PBXTargetDependency section */
		DC20F46E1ADA871D009A4C64 /* PBXTargetDependency */ = {
			isa = PBXTargetDependency;
			target = DC20F4561ADA871D009A4C64 /* PhotoSliderDemo */;
			targetProxy = DC20F46D1ADA871D009A4C64 /* PBXContainerItemProxy */;
		};
		DC76FA721C0053E400646B67 /* PBXTargetDependency */ = {
			isa = PBXTargetDependency;
			target = DC76FA6B1C0053E400646B67 /* PhotoSlider */;
			targetProxy = DC76FA711C0053E400646B67 /* PBXContainerItemProxy */;
		};
		DC917ACA1BB29B7300031F84 /* PBXTargetDependency */ = {
			isa = PBXTargetDependency;
			target = DC20F4561ADA871D009A4C64 /* PhotoSliderDemo */;
			targetProxy = DC917AC91BB29B7300031F84 /* PBXContainerItemProxy */;
		};
/* End PBXTargetDependency section */

/* Begin PBXVariantGroup section */
		DC20F4601ADA871D009A4C64 /* Main.storyboard */ = {
			isa = PBXVariantGroup;
			children = (
				DC20F4611ADA871D009A4C64 /* Base */,
			);
			name = Main.storyboard;
			sourceTree = "<group>";
		};
		DC20F4651ADA871D009A4C64 /* LaunchScreen.xib */ = {
			isa = PBXVariantGroup;
			children = (
				DC20F4661ADA871D009A4C64 /* Base */,
			);
			name = LaunchScreen.xib;
			sourceTree = "<group>";
		};
/* End PBXVariantGroup section */

/* Begin XCBuildConfiguration section */
		DC20F4741ADA871D009A4C64 /* Debug */ = {
			isa = XCBuildConfiguration;
			buildSettings = {
				ALWAYS_SEARCH_USER_PATHS = NO;
				CLANG_CXX_LANGUAGE_STANDARD = "gnu++0x";
				CLANG_CXX_LIBRARY = "libc++";
				CLANG_ENABLE_MODULES = YES;
				CLANG_ENABLE_OBJC_ARC = YES;
				CLANG_WARN_BOOL_CONVERSION = YES;
				CLANG_WARN_CONSTANT_CONVERSION = YES;
				CLANG_WARN_DIRECT_OBJC_ISA_USAGE = YES_ERROR;
				CLANG_WARN_EMPTY_BODY = YES;
				CLANG_WARN_ENUM_CONVERSION = YES;
				CLANG_WARN_INT_CONVERSION = YES;
				CLANG_WARN_OBJC_ROOT_CLASS = YES_ERROR;
				CLANG_WARN_UNREACHABLE_CODE = YES;
				CLANG_WARN__DUPLICATE_METHOD_MATCH = YES;
				"CODE_SIGN_IDENTITY[sdk=iphoneos*]" = "iPhone Developer";
				COPY_PHASE_STRIP = NO;
				ENABLE_STRICT_OBJC_MSGSEND = YES;
				ENABLE_TESTABILITY = YES;
				GCC_C_LANGUAGE_STANDARD = gnu99;
				GCC_DYNAMIC_NO_PIC = NO;
				GCC_OPTIMIZATION_LEVEL = 0;
				GCC_PREPROCESSOR_DEFINITIONS = (
					"DEBUG=1",
					"$(inherited)",
				);
				GCC_SYMBOLS_PRIVATE_EXTERN = NO;
				GCC_WARN_64_TO_32_BIT_CONVERSION = YES;
				GCC_WARN_ABOUT_RETURN_TYPE = YES_ERROR;
				GCC_WARN_UNDECLARED_SELECTOR = YES;
				GCC_WARN_UNINITIALIZED_AUTOS = YES_AGGRESSIVE;
				GCC_WARN_UNUSED_FUNCTION = YES;
				GCC_WARN_UNUSED_VARIABLE = YES;
				IPHONEOS_DEPLOYMENT_TARGET = 8.2;
				MTL_ENABLE_DEBUG_INFO = YES;
				ONLY_ACTIVE_ARCH = YES;
				SDKROOT = iphoneos;
				SWIFT_OPTIMIZATION_LEVEL = "-Onone";
			};
			name = Debug;
		};
		DC20F4751ADA871D009A4C64 /* Release */ = {
			isa = XCBuildConfiguration;
			buildSettings = {
				ALWAYS_SEARCH_USER_PATHS = NO;
				CLANG_CXX_LANGUAGE_STANDARD = "gnu++0x";
				CLANG_CXX_LIBRARY = "libc++";
				CLANG_ENABLE_MODULES = YES;
				CLANG_ENABLE_OBJC_ARC = YES;
				CLANG_WARN_BOOL_CONVERSION = YES;
				CLANG_WARN_CONSTANT_CONVERSION = YES;
				CLANG_WARN_DIRECT_OBJC_ISA_USAGE = YES_ERROR;
				CLANG_WARN_EMPTY_BODY = YES;
				CLANG_WARN_ENUM_CONVERSION = YES;
				CLANG_WARN_INT_CONVERSION = YES;
				CLANG_WARN_OBJC_ROOT_CLASS = YES_ERROR;
				CLANG_WARN_UNREACHABLE_CODE = YES;
				CLANG_WARN__DUPLICATE_METHOD_MATCH = YES;
				"CODE_SIGN_IDENTITY[sdk=iphoneos*]" = "iPhone Developer";
				COPY_PHASE_STRIP = NO;
				ENABLE_NS_ASSERTIONS = NO;
				ENABLE_STRICT_OBJC_MSGSEND = YES;
				GCC_C_LANGUAGE_STANDARD = gnu99;
				GCC_WARN_64_TO_32_BIT_CONVERSION = YES;
				GCC_WARN_ABOUT_RETURN_TYPE = YES_ERROR;
				GCC_WARN_UNDECLARED_SELECTOR = YES;
				GCC_WARN_UNINITIALIZED_AUTOS = YES_AGGRESSIVE;
				GCC_WARN_UNUSED_FUNCTION = YES;
				GCC_WARN_UNUSED_VARIABLE = YES;
				IPHONEOS_DEPLOYMENT_TARGET = 8.2;
				MTL_ENABLE_DEBUG_INFO = NO;
				SDKROOT = iphoneos;
				VALIDATE_PRODUCT = YES;
			};
			name = Release;
		};
		DC20F4771ADA871D009A4C64 /* Debug */ = {
			isa = XCBuildConfiguration;
			baseConfigurationReference = CF4EE87704D26443EB7CA776 /* Pods-PhotoSliderDemo.debug.xcconfig */;
			buildSettings = {
				ASSETCATALOG_COMPILER_APPICON_NAME = AppIcon;
				CLANG_ENABLE_MODULES = YES;
				FRAMEWORK_SEARCH_PATHS = (
					"$(inherited)",
					"$(PROJECT_DIR)/build/Debug-iphoneos",
				);
				INFOPLIST_FILE = PhotoSliderDemo/Info.plist;
				LD_RUNPATH_SEARCH_PATHS = "$(inherited) @executable_path/Frameworks";
				PRODUCT_BUNDLE_IDENTIFIER = "net.nakajijapan.$(PRODUCT_NAME:rfc1034identifier)";
				PRODUCT_NAME = "$(TARGET_NAME)";
				SWIFT_OBJC_BRIDGING_HEADER = "PhotoSliderDemo/PhotoSliderDemo-Bridging-Header.h";
				SWIFT_OPTIMIZATION_LEVEL = "-Onone";
			};
			name = Debug;
		};
		DC20F4781ADA871D009A4C64 /* Release */ = {
			isa = XCBuildConfiguration;
			baseConfigurationReference = CAA14BFE259FFFFA34A7158C /* Pods-PhotoSliderDemo.release.xcconfig */;
			buildSettings = {
				ASSETCATALOG_COMPILER_APPICON_NAME = AppIcon;
				CLANG_ENABLE_MODULES = YES;
				FRAMEWORK_SEARCH_PATHS = (
					"$(inherited)",
					"$(PROJECT_DIR)/build/Debug-iphoneos",
				);
				INFOPLIST_FILE = PhotoSliderDemo/Info.plist;
				LD_RUNPATH_SEARCH_PATHS = "$(inherited) @executable_path/Frameworks";
				PRODUCT_BUNDLE_IDENTIFIER = "net.nakajijapan.$(PRODUCT_NAME:rfc1034identifier)";
				PRODUCT_NAME = "$(TARGET_NAME)";
				SWIFT_OBJC_BRIDGING_HEADER = "PhotoSliderDemo/PhotoSliderDemo-Bridging-Header.h";
			};
			name = Release;
		};
		DC20F47A1ADA871D009A4C64 /* Debug */ = {
			isa = XCBuildConfiguration;
			baseConfigurationReference = 48954EE5BD7E332C65202083 /* Pods-PhotoSliderDemoTests.debug.xcconfig */;
			buildSettings = {
				BUNDLE_LOADER = "$(TEST_HOST)";
				FRAMEWORK_SEARCH_PATHS = (
					"$(SDKROOT)/Developer/Library/Frameworks",
					"$(inherited)",
				);
				GCC_PREPROCESSOR_DEFINITIONS = (
					"DEBUG=1",
					"$(inherited)",
				);
				INFOPLIST_FILE = PhotoSliderDemoTests/Info.plist;
				LD_RUNPATH_SEARCH_PATHS = "$(inherited) @executable_path/Frameworks @loader_path/Frameworks";
				PRODUCT_BUNDLE_IDENTIFIER = "net.nakajijapan.$(PRODUCT_NAME:rfc1034identifier)";
				PRODUCT_NAME = "$(TARGET_NAME)";
				TEST_HOST = "$(BUILT_PRODUCTS_DIR)/PhotoSliderDemo.app/PhotoSliderDemo";
			};
			name = Debug;
		};
		DC20F47B1ADA871D009A4C64 /* Release */ = {
			isa = XCBuildConfiguration;
			baseConfigurationReference = 41089CB75B56F12DC715DE50 /* Pods-PhotoSliderDemoTests.release.xcconfig */;
			buildSettings = {
				BUNDLE_LOADER = "$(TEST_HOST)";
				FRAMEWORK_SEARCH_PATHS = (
					"$(SDKROOT)/Developer/Library/Frameworks",
					"$(inherited)",
				);
				INFOPLIST_FILE = PhotoSliderDemoTests/Info.plist;
				LD_RUNPATH_SEARCH_PATHS = "$(inherited) @executable_path/Frameworks @loader_path/Frameworks";
				PRODUCT_BUNDLE_IDENTIFIER = "net.nakajijapan.$(PRODUCT_NAME:rfc1034identifier)";
				PRODUCT_NAME = "$(TARGET_NAME)";
				TEST_HOST = "$(BUILT_PRODUCTS_DIR)/PhotoSliderDemo.app/PhotoSliderDemo";
			};
			name = Release;
		};
		DC76FA751C0053E400646B67 /* Debug */ = {
			isa = XCBuildConfiguration;
			baseConfigurationReference = F09EED8B87038C76A1C398A6 /* Pods-PhotoSlider.debug.xcconfig */;
			buildSettings = {
				CURRENT_PROJECT_VERSION = 1;
				DEBUG_INFORMATION_FORMAT = dwarf;
				DEFINES_MODULE = YES;
				DYLIB_COMPATIBILITY_VERSION = 1;
				DYLIB_CURRENT_VERSION = 1;
				DYLIB_INSTALL_NAME_BASE = "@rpath";
				GCC_NO_COMMON_BLOCKS = YES;
				INFOPLIST_FILE = PhotoSlider/Info.plist;
				INSTALL_PATH = "$(LOCAL_LIBRARY_DIR)/Frameworks";
				IPHONEOS_DEPLOYMENT_TARGET = 8.2;
				LD_RUNPATH_SEARCH_PATHS = "$(inherited) @executable_path/Frameworks @loader_path/Frameworks";
				PRODUCT_BUNDLE_IDENTIFIER = net.nakajijapan.PhotoSlider;
				PRODUCT_NAME = "$(TARGET_NAME)";
				SKIP_INSTALL = YES;
				TARGETED_DEVICE_FAMILY = "1,2";
				VERSIONING_SYSTEM = "apple-generic";
				VERSION_INFO_PREFIX = "";
			};
			name = Debug;
		};
		DC76FA761C0053E400646B67 /* Release */ = {
			isa = XCBuildConfiguration;
			baseConfigurationReference = 5048010D4C10E94A4C1A6517 /* Pods-PhotoSlider.release.xcconfig */;
			buildSettings = {
				CURRENT_PROJECT_VERSION = 1;
				DEBUG_INFORMATION_FORMAT = "dwarf-with-dsym";
				DEFINES_MODULE = YES;
				DYLIB_COMPATIBILITY_VERSION = 1;
				DYLIB_CURRENT_VERSION = 1;
				DYLIB_INSTALL_NAME_BASE = "@rpath";
				GCC_NO_COMMON_BLOCKS = YES;
				INFOPLIST_FILE = PhotoSlider/Info.plist;
				INSTALL_PATH = "$(LOCAL_LIBRARY_DIR)/Frameworks";
				IPHONEOS_DEPLOYMENT_TARGET = 8.2;
				LD_RUNPATH_SEARCH_PATHS = "$(inherited) @executable_path/Frameworks @loader_path/Frameworks";
				PRODUCT_BUNDLE_IDENTIFIER = net.nakajijapan.PhotoSlider;
				PRODUCT_NAME = "$(TARGET_NAME)";
				SKIP_INSTALL = YES;
				TARGETED_DEVICE_FAMILY = "1,2";
				VERSIONING_SYSTEM = "apple-generic";
				VERSION_INFO_PREFIX = "";
			};
			name = Release;
		};
		DC917ACB1BB29B7300031F84 /* Debug */ = {
			isa = XCBuildConfiguration;
			baseConfigurationReference = 07275255459EA7A30C88B2C5 /* Pods-PhotoSliderDemoUITests.debug.xcconfig */;
			buildSettings = {
				DEBUG_INFORMATION_FORMAT = dwarf;
				GCC_NO_COMMON_BLOCKS = YES;
				INFOPLIST_FILE = PhotoSliderDemoUITests/Info.plist;
				IPHONEOS_DEPLOYMENT_TARGET = 9.0;
				LD_RUNPATH_SEARCH_PATHS = "$(inherited) @executable_path/Frameworks @loader_path/Frameworks";
				PRODUCT_BUNDLE_IDENTIFIER = net.nakajijapan.PhotoSliderDemoUITests;
				PRODUCT_NAME = "$(TARGET_NAME)";
				TEST_TARGET_NAME = PhotoSliderDemo;
				USES_XCTRUNNER = YES;
			};
			name = Debug;
		};
		DC917ACC1BB29B7300031F84 /* Release */ = {
			isa = XCBuildConfiguration;
			baseConfigurationReference = 7DEC318FBE9F374F079B49D4 /* Pods-PhotoSliderDemoUITests.release.xcconfig */;
			buildSettings = {
				DEBUG_INFORMATION_FORMAT = "dwarf-with-dsym";
				GCC_NO_COMMON_BLOCKS = YES;
				INFOPLIST_FILE = PhotoSliderDemoUITests/Info.plist;
				IPHONEOS_DEPLOYMENT_TARGET = 9.0;
				LD_RUNPATH_SEARCH_PATHS = "$(inherited) @executable_path/Frameworks @loader_path/Frameworks";
				PRODUCT_BUNDLE_IDENTIFIER = net.nakajijapan.PhotoSliderDemoUITests;
				PRODUCT_NAME = "$(TARGET_NAME)";
				TEST_TARGET_NAME = PhotoSliderDemo;
				USES_XCTRUNNER = YES;
			};
			name = Release;
		};
/* End XCBuildConfiguration section */

/* Begin XCConfigurationList section */
		DC20F4521ADA871D009A4C64 /* Build configuration list for PBXProject "PhotoSliderDemo" */ = {
			isa = XCConfigurationList;
			buildConfigurations = (
				DC20F4741ADA871D009A4C64 /* Debug */,
				DC20F4751ADA871D009A4C64 /* Release */,
			);
			defaultConfigurationIsVisible = 0;
			defaultConfigurationName = Release;
		};
		DC20F4761ADA871D009A4C64 /* Build configuration list for PBXNativeTarget "PhotoSliderDemo" */ = {
			isa = XCConfigurationList;
			buildConfigurations = (
				DC20F4771ADA871D009A4C64 /* Debug */,
				DC20F4781ADA871D009A4C64 /* Release */,
			);
			defaultConfigurationIsVisible = 0;
			defaultConfigurationName = Release;
		};
		DC20F4791ADA871D009A4C64 /* Build configuration list for PBXNativeTarget "PhotoSliderDemoTests" */ = {
			isa = XCConfigurationList;
			buildConfigurations = (
				DC20F47A1ADA871D009A4C64 /* Debug */,
				DC20F47B1ADA871D009A4C64 /* Release */,
			);
			defaultConfigurationIsVisible = 0;
			defaultConfigurationName = Release;
		};
		DC76FA771C0053E400646B67 /* Build configuration list for PBXNativeTarget "PhotoSlider" */ = {
			isa = XCConfigurationList;
			buildConfigurations = (
				DC76FA751C0053E400646B67 /* Debug */,
				DC76FA761C0053E400646B67 /* Release */,
			);
			defaultConfigurationIsVisible = 0;
			defaultConfigurationName = Release;
		};
		DC917ACD1BB29B7300031F84 /* Build configuration list for PBXNativeTarget "PhotoSliderDemoUITests" */ = {
			isa = XCConfigurationList;
			buildConfigurations = (
				DC917ACB1BB29B7300031F84 /* Debug */,
				DC917ACC1BB29B7300031F84 /* Release */,
			);
			defaultConfigurationIsVisible = 0;
			defaultConfigurationName = Release;
		};
/* End XCConfigurationList section */
	};
	rootObject = DC20F44F1ADA871D009A4C64 /* Project object */;
}
